# THIS IS AN AUTOGENERATED FILE. DO NOT EDIT THIS FILE DIRECTLY.
assets/add-to-cart-2.png:
  development: 2017-12-12T22:12:06+08:00   4d17b6696f01c93220b8cf695988dd64
assets/add-to-cart.png:
  development: 2017-12-12T22:12:07+08:00   7ddc3e6b82c05f3a8396cf2ed39091ed
assets/ajax-loader.gif:
  development: 2017-12-12T22:12:07+08:00   19cab7a0fb0bc880c3d4783148c58c88
assets/banner_image_1.jpg:
  development: 2017-12-12T22:12:07+08:00   d3e47c95f3543a7e3f9f7e769bcfcebb
assets/banner_image_2.jpg:
  development: 2017-12-12T22:12:07+08:00   0813127919329c5814a3d6bf242638ae
assets/banner_image_3.jpg:
  development: 2017-12-12T22:12:07+08:00   d664184f73f1d1479a31f2054b38b950
assets/beige.png:
  development: 2017-12-12T22:12:08+08:00   d2801e31e28cc2baf02c82372a854975
assets/bg-big-news.png:
  development: 2017-12-12T22:12:08+08:00   0da2b9cd9afccc6b130a30bb1cbbb7a5
assets/bg-books-newsletter-bottom.png:
  development: 2017-12-12T22:12:08+08:00   0e51542ebcf25d5a617b221749fcc119
assets/bg-books-newsletter-top.png:
  development: 2017-12-12T22:12:08+08:00   3eff55b932b5db84bc764263d5cc8c6e
assets/bg-carparts2-columns.png:
  development: 2017-12-12T22:12:08+08:00   f8e777e253c661eba7fa42c01607ece6
assets/bg-circle.png:
  development: 2017-12-12T22:12:08+08:00   030c406f8942dcbb4bdbd0340d7cec54
assets/bg-cleaning-parallax-bottom.png:
  development: 2017-12-12T22:12:08+08:00   536106661b579183bc88f28e085ac47e
assets/bg-cleaning-parallax-top.png:
  development: 2017-12-12T22:12:08+08:00   0980293f849a213e673312bb9934045d
assets/bg-footer-carparts.png:
  development: 2017-12-12T22:12:08+08:00   d576a28ac30068917ae44ad12953dda1
assets/bg-footer.png:
  development: 2017-12-12T22:12:08+08:00   260749ae72868a8ed890b5ff2298c60d
assets/bg-footer9.png:
  development: 2017-12-12T22:12:08+08:00   1f80b0a1098fd7a962e4888f110731bd
assets/bg-lingerie2-columns.png:
  development: 2017-12-12T22:12:08+08:00   403347702b5c642a1fa82e4c549f70c3
assets/bg-lingerie2-vertical-menu.png:
  development: 2017-12-12T22:12:08+08:00   4fec12694f70da75f1306a54e8dc104d
assets/bg-megamenu.png:
  development: 2017-12-12T22:12:09+08:00   fcb7b0f45e5ec773f95ea843b34dd0b3
assets/bg-news.png:
  development: 2017-12-12T22:12:09+08:00   05fbabe73b3ba84f1a0da2c3c61bbc5e
assets/bg-show-all-products.png:
  development: 2017-12-12T22:12:09+08:00   d5427d3562c730bbdf680d5ce39ba879
assets/bg-vertical-megamenu-cleaning.png:
  development: 2017-12-12T22:12:09+08:00   615ef2dcde604eb767dd942872437022
assets/bg-vertical-megamenu-toys2.png:
  development: 2017-12-12T22:12:09+08:00   0987f0a27acac125e19664f677ec6cc0
assets/black.png:
  development: 2017-12-12T22:12:09+08:00   c70b03608c03297c127450e7faf0d39e
assets/blank.gif:
  development: 2017-12-12T22:12:09+08:00   325472601571f31e1bf00674c368d335
assets/blog_background.png:
  development: 2017-12-12T22:12:09+08:00   b58de7d35bedc15ce280f3a58222853b
assets/blue.png:
  development: 2017-12-12T22:12:09+08:00   a55819e6384945b74c7f3d975f83b382
assets/checkout.mobile.css.liquid:
  development: 2017-12-12T22:12:09+08:00   9c621ac544530739f062e5bc9529298f
assets/checkout.scss.liquid:
  development: 2017-12-12T22:12:10+08:00   b14d3075a78e9868838c9e28481eed8e
assets/collection_background.png:
  development: 2017-12-12T22:12:10+08:00   b58de7d35bedc15ce280f3a58222853b
assets/contact_logo.png:
  development: 2017-12-12T22:12:10+08:00   7540e202eb165a81ea58fca6eccd4c43
assets/cookie_background.png:
  development: 2017-12-12T22:12:10+08:00   15c27b04760e0ae8fcb73194a182c0af
assets/copper.png:
  development: 2017-12-12T22:12:10+08:00   e9463671d5c6570d1109ed1155ea9c7b
assets/custom_code.scss:
  development: 2017-12-18T10:38:15+08:00   5e4273b4d4d97a60b1a9ded12ade6622
assets/delivery-bar-1.png:
  development: 2017-12-12T22:12:11+08:00   6c0199fe585dc10ed4298e2a8157a58f
assets/delivery-bar-2.png:
  development: 2017-12-12T22:12:11+08:00   3663b23017b346239a0eec8ad6f9289c
assets/delivery-bar-3.png:
  development: 2017-12-12T22:12:11+08:00   baaac96c2a8efb511dfa36456cc6d0ed
assets/eur.png:
  development: 2017-12-12T22:12:11+08:00   1acfeb09e33a2b54fd8b135aab111692
assets/favicon.png:
  development: 2017-12-12T22:12:11+08:00   53677c2b80b2d8ff411bd8b9505a9382
assets/fontawesome-webfont.eot:
  development: 2017-12-12T22:12:11+08:00   25a32416abee198dd821b0b17a198a8f
assets/fontawesome-webfont.svg:
  development: 2017-12-12T22:12:12+08:00   d7c639084f684d66a1bc66855d193ed8
assets/fontawesome-webfont.ttf:
  development: 2017-12-12T22:12:12+08:00   1dc35d25e61d819a9c357074014867ab
assets/fontawesome-webfont.woff:
  development: 2017-12-12T22:12:12+08:00   c8ddf1e5e5bf3682bc7bebf30f394148
assets/fontawesome-webfont.woff2:
  development: 2017-12-12T22:12:12+08:00   e6cf7c6ec7c2d6f670ae9d762604cb0b
assets/footer_about.png:
  development: 2017-12-12T22:12:13+08:00   cd04d7f5f851bcc90ea8b2f6af3cf9a2
assets/footer_background.png:
  development: 2017-12-12T22:12:13+08:00   6483142eea9a8fe27258c23c2092a407
assets/footer_banner1.png:
  development: 2017-12-12T22:12:13+08:00   6cf8faba4f3fc3f7eb22c1d6e288293f
assets/footer_banner2.png:
  development: 2017-12-12T22:12:13+08:00   29205f6cece6131866df94da646a7ab1
assets/footer_info1_cell1.png:
  development: 2017-12-12T22:12:13+08:00   5b86086ef1bb0ccf5988da0ce379264b
assets/footer_info1_cell2.png:
  development: 2017-12-12T22:12:13+08:00   f0256dc60070d76fe41429e9a153107e
assets/footer_info2_cell1.png:
  development: 2017-12-12T22:12:13+08:00   129fd291554a642b96729e7dc14caa57
assets/footer_info2_cell2.png:
  development: 2017-12-12T22:12:13+08:00   e19daefd92908314f7a3ecc4d9a99233
assets/footer_info2_cell3.png:
  development: 2017-12-12T22:12:13+08:00   9692a92df61d0029b8b52407f60ddd3e
assets/gbp.png:
  development: 2017-12-12T22:12:13+08:00   27cbc4be4fcde08c257b06aac7a9d695
assets/gray.png:
  development: 2017-12-12T22:12:13+08:00   f8224b3c65dfc6896a6b52204543433c
assets/green.png:
  development: 2017-12-12T22:12:13+08:00   7894554c8cd3b11c885e9d8fe2786eb5
assets/icon-ask.png:
  development: 2017-12-12T22:12:14+08:00   f7e030244e549cb7c45678dba5b01778
assets/icon-cart-hover.png:
  development: 2017-12-12T22:12:14+08:00   5d5753deb19920c7cce48ca0d57e82b8
assets/icon-cart.png:
  development: 2017-12-12T22:12:14+08:00   4eb3694dbb8e8b35c52d5117fbea7688
assets/icons.png:
  development: 2017-12-12T22:12:14+08:00   6bd00462fbe9ef53b22beffa9d5e4d75
assets/instafeed.min.js:
  development: 2017-12-12T22:12:14+08:00   514e92ecab5024bf1b64e66306d9a421
assets/ipad_icon.png:
  development: 2017-12-12T22:12:14+08:00   80e7075ea51033c17086840cccad0694
assets/ipad_icon_retina.png:
  development: 2017-12-12T22:12:14+08:00   d0f1ffc6969c3a8b5b532ccea5574025
assets/iphone_icon.png:
  development: 2017-12-12T22:12:14+08:00   e17528f9f564e08c41b2c900d3fea395
assets/iphone_icon_retina.png:
  development: 2017-12-12T22:12:14+08:00   75961bc189601c076d37676783249daa
assets/jquery-2.1.4.min.js:
  development: 2017-12-12T22:12:14+08:00   f9c7afd05729f10f55b689f36bb20172
assets/jquery.cart.min.js:
  development: 2017-12-12T22:12:14+08:00   491600ff50d1eb43ce0a7de580871f94
assets/jquery.elevateZoom.min.js:
  development: 2017-12-12T22:12:15+08:00   c607bd75075f6bb73add7f7d46b8838c
assets/jquery.gmap.min.js:
  development: 2017-12-12T22:12:15+08:00   b124e48366c4acd5405a785ecd5fca92
assets/jquery.history.min.js:
  development: 2017-12-12T22:12:15+08:00   85b23b30cba499edfb22ad402f3d5d2b
assets/jquery.products.min.js:
  development: 2017-12-12T22:12:15+08:00   518b568bab127d423e8328a92e456d6c
assets/lingerie-newsletter-border.png:
  development: 2017-12-12T22:12:15+08:00   6b6c5a1b005c0f4515019e0c46c3997b
assets/loader.gif:
  development: 2017-12-12T22:12:15+08:00   3f5c5f4f887a30b1d1bfed9e4cd4e19e
assets/lodash.min.js:
  development: 2017-12-12T22:12:15+08:00   c8515f131f3194c32a3670c8e274fab6
assets/logo.png:
  development: 2017-12-12T22:12:16+08:00   01aa17d31f9c1a7b80c5ac865a3519e8
assets/masonry.pkgd.min.js:
  development: 2017-12-12T22:12:16+08:00   293b960cae3dbfc2992ac75f1a2395ac
assets/megamenu-label-type-2.png:
  development: 2017-12-12T22:12:16+08:00   e2bf094d6691173cdb1a686118824b49
assets/mi_icon_test.png:
  development: 2017-12-12T22:12:16+08:00   f5a3462f0ab97650fd57924ba4265a36
assets/mi_submenu_bg_1_1.png:
  development: 2017-12-12T22:12:16+08:00   3f7aa91ccb7ecbcee58089f1192e9eeb
assets/mi_submenu_bg_1_4.png:
  development: 2017-12-12T22:12:16+08:00   9dc23a5144ca9d982fb20d0731d3d556
assets/mi_submenu_bg_2_3.png:
  development: 2017-12-12T22:12:16+08:00   2a07192830746e8f233f832696b81449
assets/mi_submenu_bg_2_5.png:
  development: 2017-12-12T22:12:17+08:00   94512a5fc333c6e0224784528fa7f9c5
assets/news.png:
  development: 2017-12-12T22:12:17+08:00   e0089a66e33ccebe18ad0d6e98b821df
assets/newsletter.png:
  development: 2017-12-12T22:12:17+08:00   67c408edbcd72d365ed6d03375fedd9b
assets/no_image_16_16.png:
  development: 2017-12-12T22:12:17+08:00   5c0d295e2144ef4e8341256bad6591cd
assets/no_image_1200_500.png:
  development: 2017-12-12T22:12:17+08:00   be6190e9ad6f8fd3f395eba61cf135ec
assets/noimage_100_100.png:
  development: 2017-12-12T22:12:17+08:00   8d0e6732ee9f2ac4cf238745a348ce0a
assets/noimage_265_350.png:
  development: 2017-12-12T22:12:17+08:00   70791fb4e13c89e33e889462b572179c
assets/noimage_300_200.png:
  development: 2017-12-12T22:12:17+08:00   97986fa05a5e52a560e7f71f54e68d51
assets/noimage_400_200.png:
  development: 2017-12-12T22:12:17+08:00   605b862b9e15f7f9d07df1eca29e4b47
assets/noimage_500_300.png:
  development: 2017-12-12T22:12:18+08:00   e143beb51738688b48254715d0493820
assets/noimage_500_500.png:
  development: 2017-12-12T22:12:18+08:00   f2a3a8f4c15b63d606bee8f859331280
assets/noimage_600_200.png:
  development: 2017-12-12T22:12:18+08:00   9defea57e75ce6fdadf8597b5519fb3f
assets/noimage_800_200.png:
  development: 2017-12-12T22:12:18+08:00   ea18bd435f71578a5ccff8785cfeb193
assets/noimage_1200_200.png:
  development: 2017-12-12T22:12:17+08:00   58aab402253d64a7bdf25b72989e7e82
assets/orange.png:
  development: 2017-12-12T22:12:18+08:00   35f5e0c33eb7f09a5b7a6d21a61612d4
assets/pink.png:
  development: 2017-12-12T22:12:18+08:00   60d029b33a5ebbe228505010a16aa906
assets/popup_mailchimp.png:
  development: 2017-12-12T22:12:18+08:00   1887cbe8f6d6d73b8fa8e49f95070eeb
assets/quote.png:
  development: 2017-12-12T22:12:18+08:00   fa11d012d87d9b04e7178fa09bf58e8d
assets/red.png:
  development: 2017-12-12T22:12:18+08:00   ebf5716dc689f6064a70c34dc932a21d
assets/rt.application.js.liquid:
  development: 2017-12-12T22:12:19+08:00   c5933b4b2954d22903d7a231b06382d7
assets/rt.application.scss.liquid:
  development: 2017-12-12T22:12:19+08:00   cb2c44dfa991c753c26e6f4cb4089b48
assets/rt.application0.scss.liquid:
  development: 2017-12-12T22:12:19+08:00   b3dde8187ba4738ea6722103c8a3f0da
assets/rt.application2.scss.liquid:
  development: 2017-12-12T22:12:19+08:00   755f9e340d3103605637c41755580327
assets/rt.custom.scss.liquid:
  development: 2017-12-12T22:12:19+08:00   50d7fb7d5a8d773a528d5f9d415b38a0
assets/sb_product_banner.png:
  development: 2017-12-12T22:12:20+08:00   f8cf04942e5013314b12271c93e9310e
assets/shoes-columns-1.png:
  development: 2017-12-12T22:12:20+08:00   28b3ec25d9e1bd49523cb698c94371df
assets/shoes-columns-2.png:
  development: 2017-12-12T22:12:20+08:00   61061db4676c47cffc7dcf6aa3a6988f
assets/silver.png:
  development: 2017-12-12T22:12:20+08:00   d4d2de0c44a50ea05c6a6745386136da
assets/slide-sticker.png:
  development: 2017-12-12T22:12:20+08:00   5c6e2d17c0f38559146ebf4da8dddb4f
assets/slide_img_1.png:
  development: 2017-12-12T22:12:20+08:00   cfa24359eac821465d88445edea453f3
assets/slide_img_2.png:
  development: 2017-12-12T22:12:20+08:00   142eceaa622eb5879130e9b90e707e06
assets/slide_img_3.png:
  development: 2017-12-12T22:12:21+08:00   949ed6e20d6cea3417c3a028b71b23af
assets/soldout.png:
  development: 2017-12-12T22:12:21+08:00   b7f100cf1598d505801cce7c8240813b
assets/special-offers.js:
  development: 2017-12-12T22:12:21+08:00   a04a146a0e1b21407a7434de9273b857
assets/special-offers.scss.liquid:
  development: 2017-12-12T22:12:21+08:00   46026216d4789bf79811b198e2e75d1d
assets/step-one.png:
  development: 2017-12-12T22:12:21+08:00   3f60e27d57f6c3a91eefc1bb7b25270f
assets/step-two.png:
  development: 2017-12-12T22:12:21+08:00   8b82dd20fb8e5d158ce97ca84594ccea
assets/underscore-min.js:
  development: 2017-12-12T22:12:21+08:00   137af05d496f59d468d1ffbce32f375d
assets/usd.png:
  development: 2017-12-12T22:12:21+08:00   c5d4a654ea5798e67fad16b880d886c7
assets/violet.png:
  development: 2017-12-12T22:12:21+08:00   40dd54f9fd736268f7bdbd79580aacb8
assets/yellow.png:
  development: 2017-12-12T22:12:22+08:00   0308c1357654334040b768d115102e1a
config/settings_data.json:
  development: 2017-12-12T22:16:34+08:00   5f8c9c60278d39134133f3af186941d9
config/settings_schema.json:
  development: 2017-12-12T22:12:26+08:00   4c7128112fda909990acf606edfbd795
layout/theme-backup-special.liquid:
  development: 2017-12-12T22:12:22+08:00   728310d943b9178cbd624542720e19b6
layout/theme.liquid:
  development: 2017-12-12T22:12:22+08:00   90ac5149fafa26fa02d07b1b16aa1d71
locales/en.default.json:
  development: 2017-12-12T22:12:22+08:00   547361835b8a3cfbdff6f23f616ff7d8
sections/advanced-grid.liquid:
  development: 2017-12-12T22:12:04+08:00   c8be0e2c94f6d272f5a2b2ff777b5203
sections/banner.liquid:
  development: 2017-12-12T22:12:04+08:00   3bff69872a1b9d5f5d26d18d08fc70c3
sections/custom_widget.liquid:
  development: 2017-12-12T22:12:04+08:00   40e4ead989fa7860a9a893a116b744fe
sections/delivery-bar.liquid:
  development: 2017-12-12T22:12:04+08:00   2619017422dac1af97e8faffd560d77f
sections/footer-bottom.liquid:
  development: 2017-12-12T22:12:04+08:00   e1ae1e232b1a16627a983c7ab08a3725
sections/footer-center-column1.liquid:
  development: 2017-12-12T22:12:04+08:00   5c137ccd4dc53c28a732402bc2d9901d
sections/footer-center-column2.liquid:
  development: 2017-12-12T22:12:04+08:00   cc6dc73bcbb6a83fc9c872f980d15bf4
sections/footer-center-column3.liquid:
  development: 2017-12-12T22:12:04+08:00   6ca30e3c7c6d5739fe123ea4eac24ce1
sections/footer-center-column4.liquid:
  development: 2017-12-12T22:12:04+08:00   551cf45da0ec6423eadc98bf1e9fa25a
sections/footer-copyright.liquid:
  development: 2017-12-12T22:12:04+08:00   b87f21be625e84e79133ef3cc41d66bf
sections/footer-top.liquid:
  development: 2017-12-12T22:12:04+08:00   2a9a13b687a91060a21fcb7db499a7da
sections/header-menu1.liquid:
  development: 2017-12-12T22:12:04+08:00   4a48e46f8ffee00741db929cead6e0ce
sections/header-menu2.liquid:
  development: 2017-12-12T22:12:04+08:00   25293d25c01a29b5288f0eccaabab622
sections/header-slideshow.liquid:
  development: 2017-12-12T22:12:05+08:00   4854b54ad0056f9e90bc59cbc7484243
sections/header-top-block.liquid:
  development: 2017-12-12T22:12:05+08:00   6eb19398a2465d11498a5dbd228ccf8f
sections/instagram.liquid:
  development: 2017-12-12T22:12:05+08:00   2e31318b18d3b9334cf8e9ee5b17dbbf
sections/latest-blog.liquid:
  development: 2017-12-12T22:12:05+08:00   f099ec0e1735fdc2ec46254eca031478
sections/preface-footer.liquid:
  development: 2017-12-12T22:12:05+08:00   71c8bd0a27598080f02d92e79c221023
sections/products-tabs.liquid:
  development: 2017-12-12T22:12:05+08:00   11e3660cbba7f639543fc7c163631321
sections/slideshow-with-html.liquid:
  development: 2017-12-12T22:12:05+08:00   c16039ec4231e3cd63153a183bcb5d5e
sections/slideshow-with-megamenu.liquid:
  development: 2017-12-12T22:12:05+08:00   2807e2167ade8b5a8432a793f3997d88
sections/testimonial.liquid:
  development: 2017-12-12T22:12:05+08:00   0e2b621d1b571bbfa5ef42fc971bca2d
snippets/advanced-grid-column.liquid:
  development: 2017-12-12T22:12:22+08:00   d466c123bd13c2a5ef39d2a8eaa58b70
snippets/advanced-grid-module.liquid:
  development: 2017-12-12T22:12:22+08:00   8129a59203d6098113236a65ce557e12
snippets/advanced-grid.liquid:
  development: 2017-12-12T22:12:22+08:00   db1acf9f26c60bd9e7a246639f444221
snippets/ag-latest-blogs-default.liquid:
  development: 2017-12-12T22:12:22+08:00   bb6ed97fb34402d5c81e50bcced05118
snippets/ag-links-brands.liquid:
  development: 2017-12-12T22:12:22+08:00   21e68d36b612e71d6dd918932697c385
snippets/ag-links-cars.liquid:
  development: 2017-12-12T22:12:22+08:00   e401c4a213e1a1efd1d72ae5b3b2aab5
snippets/ag-links-default.liquid:
  development: 2017-12-12T22:12:22+08:00   77a50dfed2632c2c5ff76e8a9fe01316
snippets/ag-newsletter-architecture.liquid:
  development: 2017-12-12T22:12:22+08:00   040fe22bfb3992cfa8ec8f7f8836c2c4
snippets/ag-newsletter-audio.liquid:
  development: 2017-12-12T22:12:22+08:00   854763ea84d3f539b08fb787e7c364ab
snippets/ag-newsletter-bakery.liquid:
  development: 2017-12-12T22:12:22+08:00   39ae5f9a8780a6de35a2f7f0cb6579e9
snippets/ag-newsletter-books.liquid:
  development: 2017-12-12T22:12:22+08:00   08b394f799902a01ef423c180b0423ae
snippets/ag-newsletter-carparts.liquid:
  development: 2017-12-12T22:12:22+08:00   837ac57613390fe1c3a2d831f1b67981
snippets/ag-newsletter-ceramica.liquid:
  development: 2017-12-12T22:12:22+08:00   b69ad4e58aa6e7341ad67acca4f282b4
snippets/ag-newsletter-computer3.liquid:
  development: 2017-12-12T22:12:22+08:00   8b0f07e88208885ad128cb5ae547cc1a
snippets/ag-newsletter-computer8.liquid:
  development: 2017-12-12T22:12:22+08:00   f99e906780260f1ee469b71755e0a5d6
snippets/ag-newsletter-cosmetics.liquid:
  development: 2017-12-12T22:12:22+08:00   17dc75bbcdf07b6661a9eaa688050efd
snippets/ag-newsletter-cosmetics2.liquid:
  development: 2017-12-12T22:12:22+08:00   14d0946f058bc5172ab61a9363012432
snippets/ag-newsletter-default.liquid:
  development: 2017-12-12T22:12:22+08:00   6107208bb40f67f1ed10e059968b3999
snippets/ag-newsletter-exclusive.liquid:
  development: 2017-12-12T22:12:22+08:00   7617a3e6659635b20b3bdb71c5b0a46a
snippets/ag-newsletter-fashion2.liquid:
  development: 2017-12-12T22:12:22+08:00   da6cbb818411122b66d1c96703465745
snippets/ag-newsletter-fashion3.liquid:
  development: 2017-12-12T22:12:22+08:00   f69ad15c96d8ee7f09f08bfe61a5bcb1
snippets/ag-newsletter-furniture.liquid:
  development: 2017-12-12T22:12:22+08:00   b00a8e9e88c4706d3ff7b4a43ae8ce41
snippets/ag-newsletter-gardentools.liquid:
  development: 2017-12-12T22:12:22+08:00   5a9dab7c51498c7b8a38952f536f4d6b
snippets/ag-newsletter-glamshop.liquid:
  development: 2017-12-12T22:12:22+08:00   ff23ffd6fae6a3c8c7bd700b74244661
snippets/ag-newsletter-lingerie.liquid:
  development: 2017-12-12T22:12:22+08:00   dc932bb2a55eb82e06e8c3589cfe65be
snippets/ag-newsletter-market.liquid:
  development: 2017-12-12T22:12:22+08:00   a962f2a420473aef99d7218fa583fac3
snippets/ag-newsletter-matrialarts.liquid:
  development: 2017-12-12T22:12:22+08:00   652451f152d329de371600d0bb195d21
snippets/ag-newsletter-medic.liquid:
  development: 2017-12-12T22:12:22+08:00   c110329f9d33838d1d366068f4f8a41b
snippets/ag-newsletter-military.liquid:
  development: 2017-12-12T22:12:22+08:00   7dea291c18bee89b307cd6678cc439b7
snippets/ag-newsletter-naturalcosmetics.liquid:
  development: 2017-12-12T22:12:22+08:00   41f6fd6aef024563edc4bb28092a6eac
snippets/ag-newsletter-perfume.liquid:
  development: 2017-12-12T22:12:22+08:00   0ce1433311dff502369598cb32912f47
snippets/ag-newsletter-shoes3.liquid:
  development: 2017-12-12T22:12:22+08:00   6a4c87951a178f89cf58d449a887f155
snippets/ag-newsletter-spices.liquid:
  development: 2017-12-12T22:12:22+08:00   6504572d7680670598b71ef5624a0976
snippets/ag-newsletter-sport.liquid:
  development: 2017-12-12T22:12:22+08:00   55c6ce62e7d1c2f088ec8391768d5ecb
snippets/ag-newsletter-sportwinter.liquid:
  development: 2017-12-12T22:12:22+08:00   34faccd03f1455f471553de1d8e8a800
snippets/ag-newsletter-toys3.liquid:
  development: 2017-12-12T22:12:22+08:00   268a0dbaa76e8072f3bf769edfc65709
snippets/ag-newsletter-wine.liquid:
  development: 2017-12-12T22:12:22+08:00   52f4afeb70d2591bc9778163a1d9ae76
snippets/ag-product-computer6-today-deals.liquid:
  development: 2017-12-12T22:12:22+08:00   566a90cbde0dd48ea8a6e75050213f5d
snippets/ag-product-computer8-today-deals.liquid:
  development: 2017-12-12T22:12:22+08:00   f4f21cd95da77b3990ad05e8be6af949
snippets/ag-product-default.liquid:
  development: 2017-12-12T22:12:22+08:00   dc0115e27f1dc86861140ea540528e70
snippets/ag-product-petshop2-today-deals.liquid:
  development: 2017-12-12T22:12:22+08:00   5518b4073ec0a95cd124e9e9365fd7d4
snippets/ag-product-shoes3-today-deals.liquid:
  development: 2017-12-12T22:12:22+08:00   f2cbf854c19f1d56b3ddf8bd8f9428b5
snippets/ag-product-today-deals.liquid:
  development: 2017-12-12T22:12:22+08:00   9bdbf0e3f4bfb0e57744a2cea9725cf8
snippets/ag-product-toys2-today-deals.liquid:
  development: 2017-12-12T22:12:22+08:00   275c60e5b3797c2dda7b25de16cf8ad5
snippets/ag-products-antique.liquid:
  development: 2017-12-12T22:12:22+08:00   86167a53578bda4f80ee2f90e6e2dc95
snippets/ag-products-architecture.liquid:
  development: 2017-12-12T22:12:22+08:00   dab10ca0aef8992cab9240867a4bca1d
snippets/ag-products-carparts2.liquid:
  development: 2017-12-12T22:12:23+08:00   824600239fd60cd0975ddab69ef78c1d
snippets/ag-products-computer4.liquid:
  development: 2017-12-12T22:12:23+08:00   6d09c346257116ff41a0751245a1c18b
snippets/ag-products-computer6-today-deals.liquid:
  development: 2017-12-12T22:12:23+08:00   4067dbf596ee4dd596678709292c14ca
snippets/ag-products-computer8-today-deals.liquid:
  development: 2017-12-12T22:12:23+08:00   9da577fe876a01266c73729c2f221797
snippets/ag-products-default.liquid:
  development: 2017-12-12T22:12:23+08:00   09364ebe90938937f871b94eb7c2871b
snippets/ag-products-fashion2.liquid:
  development: 2017-12-12T22:12:23+08:00   5360984ea87c5f4e4270e5588ca11dfd
snippets/ag-products-furniture-grid.liquid:
  development: 2017-12-12T22:12:23+08:00   b6de2f12c78eadbd3c3706f25635d876
snippets/ag-products-games-blue.liquid:
  development: 2017-12-12T22:12:23+08:00   1d493f8dedb50384a87a1f41b72f08ec
snippets/ag-products-games-green.liquid:
  development: 2017-12-12T22:12:23+08:00   935a1b37aabab75c76121434b22d8e51
snippets/ag-products-games-grey.liquid:
  development: 2017-12-12T22:12:23+08:00   1d94a6c8169956e8546940e00642e09c
snippets/ag-products-games-orange.liquid:
  development: 2017-12-12T22:12:23+08:00   8b4d20f5879db4edd3184a6edb6e8356
snippets/ag-products-games-pink.liquid:
  development: 2017-12-12T22:12:23+08:00   2b6375bda5f8f2cf7a1953ff7c54b781
snippets/ag-products-holidays.liquid:
  development: 2017-12-12T22:12:23+08:00   7ac6a70ddb3293e0c58099b4c0cf03b6
snippets/ag-products-medic-last-in-stock.liquid:
  development: 2017-12-12T22:12:23+08:00   1aa09ba5e8003e82eccf27d468cf7323
snippets/ag-products-petshop2-today-deals.liquid:
  development: 2017-12-12T22:12:23+08:00   3ddd27353b7c04f1b57f082042ac4d06
snippets/ag-products-products-grid-carousel.liquid:
  development: 2017-12-12T22:12:23+08:00   09388160163859e90d9f08634d5ce3c0
snippets/ag-products-products-grid-flowers-one-product.liquid:
  development: 2017-12-12T22:12:23+08:00   23ab68b74f520ce0b86223c366aacd95
snippets/ag-products-products-grid-flowers.liquid:
  development: 2017-12-12T22:12:23+08:00   fa59e1fcd78bef1c73389afa613a1387
snippets/ag-products-products-grid-sportwinter.liquid:
  development: 2017-12-12T22:12:23+08:00   ba1e9b9882071a0ba904107654fdc6c7
snippets/ag-products-products-grid.liquid:
  development: 2017-12-12T22:12:23+08:00   99442f083e8655c4d0958a88ebd54774
snippets/ag-products-shoes3-today-deals.liquid:
  development: 2017-12-12T22:12:23+08:00   fcb872da93520b34b1cd8f099099fb9a
snippets/ag-products-sport.liquid:
  development: 2017-12-12T22:12:23+08:00   c5fbef0c2113d01049da7e118d8ecbf7
snippets/ag-products-today-deals.liquid:
  development: 2017-12-12T22:12:23+08:00   b0c656b7c341e1604da2142a9a5f7e01
snippets/ag-products-toys2-today-deals.liquid:
  development: 2017-12-12T22:12:23+08:00   7350929526b4809cc2456d190b434d19
snippets/ag-products-toys3.liquid:
  development: 2017-12-12T22:12:23+08:00   6fd80ed8a92ade7b50b52785ec937c8e
snippets/ag-productstabs-default.liquid:
  development: 2017-12-12T22:12:23+08:00   f3c0702146f800254ead5614315216d9
snippets/ag-productstabs-vertical.liquid:
  development: 2017-12-12T22:12:23+08:00   98b38f5228b90aaf98a8613180251b0d
snippets/ajaxify-cart-so.liquid:
  development: 2017-12-12T22:12:23+08:00   8b4c7e60f944e03c98c66b707b6e6496
snippets/api.jquery.custom.liquid:
  development: 2017-12-12T22:12:23+08:00   5d85b32dd8b66d3ea364c2bd5a07197e
snippets/banners-group.liquid:
  development: 2017-12-12T22:12:23+08:00   f18d4c95ccbb2f8153054ecd2b676437
snippets/breadcrumb.liquid:
  development: 2017-12-12T22:12:23+08:00   a516ffc3e9bc19ee41821502a77097f6
snippets/cartblock.liquid:
  development: 2017-12-12T22:12:23+08:00   f8e220ccc9fb4615d404f0da7701e4d3
snippets/categories-menu.liquid:
  development: 2017-12-12T22:12:23+08:00   708311d58af646717f8fb8b00421f9f3
snippets/collection-filter.liquid:
  development: 2017-12-12T22:12:23+08:00   7b06c1a1b901cfd82c5ea27579d83054
snippets/currencies-switcher.liquid:
  development: 2017-12-12T22:12:23+08:00   14681cd400ed2d01ea67e22f37b94e28
snippets/custom-widgets.liquid:
  development: 2017-12-12T22:12:23+08:00   b71d8f61f3bd2e164ad72bd9440adc86
snippets/extension-cookie.liquid:
  development: 2017-12-12T22:12:23+08:00   18e9844a2099996d31be64ed64d9e874
snippets/extension-mailchimp.liquid:
  development: 2017-12-12T22:12:23+08:00   bfccde68a7cba7a90d4db26bceac5236
snippets/extension-notify.liquid:
  development: 2017-12-12T22:12:23+08:00   399633c1c5d3473f0824555bf07043cb
snippets/fb-open-graph.liquid:
  development: 2017-12-12T22:12:23+08:00   fd06c3557e13bddb2b01f26a86efe9a1
snippets/footer-about.liquid:
  development: 2017-12-12T22:12:23+08:00   04b507768f83a90eada7434bc9348664
snippets/footer-banner.liquid:
  development: 2017-12-12T22:12:23+08:00   f0f0fb14f04bb1276229cab9f1c6f50f
snippets/footer-block-about.liquid:
  development: 2017-12-12T22:12:23+08:00   30a1049fcdc0e29be906af57e1be89f7
snippets/footer-block-banner.liquid:
  development: 2017-12-12T22:12:23+08:00   08c06c90f9b320271397f42337b898f1
snippets/footer-block-html.liquid:
  development: 2017-12-12T22:12:23+08:00   8d8c4d78d4d7b8d5489423b5518c3a8e
snippets/footer-block-info-1.liquid:
  development: 2017-12-12T22:12:23+08:00   41bc7781e5dd2e7a6c9f304079e13fa8
snippets/footer-block-info-2.liquid:
  development: 2017-12-12T22:12:23+08:00   786a5b94c6e98a458640212ecf1f209b
snippets/footer-block-linklist.liquid:
  development: 2017-12-12T22:12:23+08:00   0d7ecd407268df4fd4e9d1ff2ae02dea
snippets/footer-block-newsletter.liquid:
  development: 2017-12-12T22:12:23+08:00   85b01bfba2150cdfe18b7a232ea24028
snippets/footer-block-product.liquid:
  development: 2017-12-12T22:12:23+08:00   9fcb105487cd81c57a001f03b500b421
snippets/footer-block-social-icon.liquid:
  development: 2017-12-12T22:12:23+08:00   1f9b218213c8946f5736cb6e459f49f2
snippets/footer-center.liquid:
  development: 2017-12-12T22:12:23+08:00   8ef1081d349ce14fc4cd034fed8ff56c
snippets/footer-cp-block-social-icon.liquid:
  development: 2017-12-12T22:12:23+08:00   0ff3e9a90df2191a72e6fdf5295a45d7
snippets/footer-custom.liquid:
  development: 2017-12-12T22:12:23+08:00   22104a80c462cabd196897f4c17c7447
snippets/footer-html.liquid:
  development: 2017-12-12T22:12:23+08:00   fe52be8b823be8269101fcb20116f371
snippets/footer-html2.liquid:
  development: 2017-12-12T22:12:23+08:00   5c65a1c5336dcb8b2801f102fc15b1fb
snippets/footer-info1.liquid:
  development: 2017-12-12T22:12:24+08:00   80e3a79170d77014b1030082b69a0b88
snippets/footer-info2.liquid:
  development: 2017-12-12T22:12:24+08:00   e59bc20854d69303fe99daa27b067f99
snippets/footer-linklist1.liquid:
  development: 2017-12-12T22:12:24+08:00   f737321f58416a3460fd05e9f2c1bebd
snippets/footer-linklist2.liquid:
  development: 2017-12-12T22:12:24+08:00   e5a75a9f67e0d2ec06c21509fc76a48c
snippets/footer-linklist3.liquid:
  development: 2017-12-12T22:12:24+08:00   b3cc331650ebb5397a9944ac2ebdf509
snippets/footer-linklist4.liquid:
  development: 2017-12-12T22:12:24+08:00   7e6fa6bb9c7d5aa6c8dcb74ccd46628d
snippets/footer-linklist5.liquid:
  development: 2017-12-12T22:12:24+08:00   1f90f17d4408e024907a181e90b2d50e
snippets/footer-linklist6.liquid:
  development: 2017-12-12T22:12:24+08:00   1129f738791fefbdfafbe28c06e87da1
snippets/footer-newsletter.liquid:
  development: 2017-12-12T22:12:24+08:00   e7ad22ca3634ddcc58d300ff782b9d1d
snippets/footer-product.liquid:
  development: 2017-12-12T22:12:24+08:00   fc6d79a0e284561ea13e67530631eb2b
snippets/footer-social.liquid:
  development: 2017-12-12T22:12:24+08:00   b9f7e38c3b8b204e403a96ee0c83deb3
snippets/footer.liquid:
  development: 2017-12-12T22:12:24+08:00   df6be3506c58cffaa199ac094949f34b
snippets/head_script.liquid:
  development: 2017-12-12T22:12:24+08:00   ecf1bb262102fc1ca6f2f24c39e5c794
snippets/header-1.liquid:
  development: 2017-12-12T22:12:24+08:00   ec471b642459ac02927e21860188fc34
snippets/header-2.liquid:
  development: 2017-12-12T22:12:24+08:00   d5081470c6b63a1fa3f252540fc66afb
snippets/header-3.liquid:
  development: 2017-12-12T22:12:24+08:00   57d56daaec6772b73337f224a6208bf4
snippets/header-4.liquid:
  development: 2017-12-12T22:12:24+08:00   ba6f9354b66a5152351362981e458546
snippets/header-5.liquid:
  development: 2017-12-12T22:12:24+08:00   ab8b3d6372ac386ebb38bb1c393268d6
snippets/header-6.liquid:
  development: 2017-12-12T22:12:24+08:00   1cc4ae00dc041b59ec8eb3eca7aba349
snippets/header-7.liquid:
  development: 2017-12-12T22:12:24+08:00   d69ca05039ca790fed332c83f98dc3a8
snippets/header-8.liquid:
  development: 2017-12-12T22:12:24+08:00   da610cba2c07520a5f676159fd659c28
snippets/header-9.liquid:
  development: 2017-12-12T22:12:24+08:00   926196b3b40d84c6349cfd542d4ad075
snippets/header-10.liquid:
  development: 2017-12-12T22:12:24+08:00   39a6eb02b4fff17998ac254f8e393753
snippets/header-11.liquid:
  development: 2017-12-12T22:12:24+08:00   4ac29b0634a3a0f5e93f85dd7b0cc92a
snippets/header-12.liquid:
  development: 2017-12-12T22:12:24+08:00   090f6f2ca65f0f75d72bef5eafaf5a18
snippets/header-13.liquid:
  development: 2017-12-12T22:12:24+08:00   10374251d1e167c0d29caca2c397d68a
snippets/header-14.liquid:
  development: 2017-12-12T22:12:24+08:00   368f6f06c9b7d9028342a17185a2beb7
snippets/header-15.liquid:
  development: 2017-12-12T22:12:24+08:00   039215e965b479e5ed60d8065628e5ac
snippets/header-16.liquid:
  development: 2017-12-12T22:12:24+08:00   c6e10b8d3e68cb29df34afbc78277fe1
snippets/header-17.liquid:
  development: 2017-12-12T22:12:24+08:00   3716128ed9be01ab06a63d41e88ac53a
snippets/header-18.liquid:
  development: 2017-12-12T22:12:24+08:00   5ff0f1b26f568ce7fce9fd8ee3767083
snippets/header-19.liquid:
  development: 2017-12-12T22:12:24+08:00   d7234147204fce2a5fc7a8da928510c9
snippets/header-20.liquid:
  development: 2017-12-12T22:12:24+08:00   ad9dbe9b70262627c28c1d8249fda516
snippets/header-21.liquid:
  development: 2017-12-12T22:12:24+08:00   393853a57e6c9d48206967fa305c5d15
snippets/header-22.liquid:
  development: 2017-12-12T22:12:24+08:00   240131249a968d4e012e594c7d0ca385
snippets/header-23.liquid:
  development: 2017-12-12T22:12:24+08:00   410f77f20f61e1b28efd4246ddc896c1
snippets/header-24.liquid:
  development: 2017-12-12T22:12:24+08:00   768021346f041e88e7b5c49139da9bce
snippets/header-25.liquid:
  development: 2017-12-12T22:12:24+08:00   b4e141be242f4b392f2409b8f4b0a356
snippets/header-26.liquid:
  development: 2017-12-12T22:12:24+08:00   f7edfe9de850dfd9cb894d32c6c3900d
snippets/header-27.liquid:
  development: 2017-12-12T22:12:24+08:00   41251e580a8a4dcaf5d5087cbf7eec9b
snippets/header-menu1-wrapper.liquid:
  development: 2017-12-12T22:12:24+08:00   b104e4ae9e176e11d781372fedaafc55
snippets/header-menu2-wrapper.liquid:
  development: 2017-12-12T22:12:24+08:00   79736fab83cc4cb28244620d9c31a1b2
snippets/header-notice.liquid:
  development: 2017-12-12T22:12:24+08:00   ad169941843041db9f50f44f8e195665
snippets/header-slideshow.liquid:
  development: 2017-12-12T22:12:24+08:00   b8ee217ad5592a644e9dfa65b4da8091
snippets/header.liquid:
  development: 2017-12-12T22:12:24+08:00   f17ce14313c2594e5d6caaf0ebf25bb0
snippets/home-instafeed.liquid:
  development: 2017-12-12T22:12:24+08:00   34a806fbdcaaa4d3993a3f2e555c4a3d
snippets/home-slider.liquid:
  development: 2017-12-12T22:12:24+08:00   0992f6d1a58dcaf9d266d86c0fedb1ff
snippets/if-shop-has-no-products.liquid:
  development: 2017-12-12T22:12:24+08:00   91ff4582cda0453de8f0e79faa4499f1
snippets/latest-blog-cameras.liquid:
  development: 2017-12-12T22:12:24+08:00   05f55aedcdc269b1ab6399b8a22aac7b
snippets/latest-blog-cosmetics.liquid:
  development: 2017-12-12T22:12:24+08:00   d69ca84dc39f1150912a2ff4292f03cd
snippets/latest-blog-default.liquid:
  development: 2017-12-12T22:12:24+08:00   b475b59d8ad8fae0bd9d81dea64e1064
snippets/latest-blog-home.liquid:
  development: 2017-12-12T22:12:24+08:00   4b8e8fe45834bb764e77bfa3404564bb
snippets/latest-blog-homev2.liquid:
  development: 2017-12-12T22:12:24+08:00   c23537fd8f1245b9401f09983fc105c8
snippets/latest-blog-medic.liquid:
  development: 2017-12-12T22:12:25+08:00   166eb01b74d964f37422eed2a16223be
snippets/latest-blog-wine.liquid:
  development: 2017-12-12T22:12:25+08:00   6f8a1db870535424a73b3f540fcd76f5
snippets/latest-blogs.liquid:
  development: 2017-12-12T22:12:25+08:00   8a9531f90f49c072241e63be41ea615a
snippets/limited-offer.liquid:
  development: 2017-12-12T22:12:25+08:00   82808d3fd7507a27a8ee710b296e5cce
snippets/linked-options.liquid:
  development: 2017-12-12T22:12:25+08:00   5804a729e705747633908850e7d41dbc
snippets/mega-menu-content-linklist-children.liquid:
  development: 2017-12-12T22:12:25+08:00   291e398bef614808490fe125f02e5e56
snippets/mega-menu-content-linklist-rtl-children.liquid:
  development: 2017-12-12T22:12:25+08:00   af12782584c1c125e7940528d4e9d400
snippets/mega-menu-content-linklist-rtl.liquid:
  development: 2017-12-12T22:12:25+08:00   c8de4bf9380134f7d05a955532a5e454
snippets/mega-menu-content-linklist.liquid:
  development: 2017-12-12T22:12:25+08:00   3d6acb88000c40484b5c18b5a0e89df1
snippets/mega-menu-content-links-children.liquid:
  development: 2017-12-12T22:12:25+08:00   8e4879f2f5e370ef7188269cdd5bf243
snippets/mega-menu-content-links.liquid:
  development: 2017-12-12T22:12:25+08:00   33c672faf6aab967bb5300c19603fe75
snippets/mega-menu-item.liquid:
  development: 2017-12-12T22:12:25+08:00   2928489ddef256d000b7b8d359bdc72a
snippets/mega-menu-subitem.liquid:
  development: 2017-12-12T22:12:25+08:00   a00a53ae0dc80227464b6fbcbb7c21e1
snippets/mega-menu.liquid:
  development: 2017-12-12T22:12:25+08:00   f6ff04b0a65ee5253121e0bfce28d753
snippets/mega-menus.liquid:
  development: 2017-12-12T22:12:25+08:00   764761c4a776624787fc41de9e391521
snippets/megamenu-slider.liquid:
  development: 2017-12-12T22:12:25+08:00   563cbe8475a9e5ce2160a2ae3859d0a7
snippets/modules-init.liquid:
  development: 2017-12-12T22:12:25+08:00   c12933a367d4401ef6acd960878d70ad
snippets/notify-template.liquid:
  development: 2017-12-12T22:12:25+08:00   3da54527f828cec6c06df0085859e08e
snippets/pagination.liquid:
  development: 2017-12-12T22:12:25+08:00   eda82535edbdaa56210ffd7b438c624c
snippets/pos-column-left.liquid:
  development: 2017-12-12T22:12:25+08:00   18a5e2dbf8ec50f46801d5aec4f78a25
snippets/pos-column-right.liquid:
  development: 2017-12-12T22:12:25+08:00   2edeb0674fa3e0d6d2fd4b4943d56304
snippets/pos-content-big-column.liquid:
  development: 2017-12-12T22:12:25+08:00   c454debe192b9b4ce928b89b4e083edb
snippets/pos-content-bottom.liquid:
  development: 2017-12-12T22:12:25+08:00   5c633f8f93306a723d8b7c2f6fe6bc5d
snippets/pos-content-top.liquid:
  development: 2017-12-12T22:12:25+08:00   3300475df396dbdec9d5a05a8b2a8a40
snippets/pos-menu.liquid:
  development: 2017-12-12T22:12:25+08:00   6026c89df549521051bcab0852a5fa85
snippets/pos-menu2.liquid:
  development: 2017-12-12T22:12:25+08:00   507f95055519ce525f41942e84ad34a4
snippets/pos-preface-fullwidth.liquid:
  development: 2017-12-12T22:12:25+08:00   a4821300f596f9d2a3f66fa9a87e19b0
snippets/pos-preface-left.liquid:
  development: 2017-12-12T22:12:25+08:00   5fe13c4964fd7a400368446f82db18cf
snippets/pos-preface-right.liquid:
  development: 2017-12-12T22:12:25+08:00   6f47f0f46b45644a6eafaf8684073b9d
snippets/pos-slideshow.liquid:
  development: 2017-12-12T22:12:25+08:00   5c45e2578489bf66cf73db7f1504b25c
snippets/pos-top-block.liquid:
  development: 2017-12-12T22:12:25+08:00   b477d83e534bf38c77e3ac4274c72f7a
snippets/product-bottom.liquid:
  development: 2017-12-12T22:12:25+08:00   492b0cc952c31f82e2ebe1164d39a99f
snippets/product-item-onboarding.liquid:
  development: 2017-12-12T22:12:25+08:00   a5083a16c059f4b31f9f4e443f27df0e
snippets/product-item.liquid:
  development: 2017-12-12T22:12:25+08:00   a4f2596b2e66560b207f5311e10bba98
snippets/product-item2.liquid:
  development: 2017-12-12T22:12:25+08:00   cd6a79e2da77cb1c2553fb806476d626
snippets/product-notify-me.liquid:
  development: 2017-12-12T22:12:25+08:00   5cf521eb2bdcaf62ea109995d73c6b2c
snippets/product-question.liquid:
  development: 2017-12-12T22:12:25+08:00   ffe1aaefd0a8be0b87508ac494cae18b
snippets/product-sizechart.liquid:
  development: 2017-12-12T22:12:25+08:00   5a0971566ae20753a8444d6ef6f5efb9
snippets/products-tabs.liquid:
  development: 2017-12-12T22:12:25+08:00   83a8547744e568da6d1063ddecefdb96
snippets/section-advanced-grid-module.liquid:
  development: 2017-12-12T22:12:25+08:00   777c2bb34c7118f2ae050bb80e1f157f
snippets/section-mega-menu-content-links.liquid:
  development: 2017-12-12T22:12:25+08:00   8d999d1de16e4ed526b5a70e2dfb54bd
snippets/section-mega-menu-item.liquid:
  development: 2017-12-12T22:12:25+08:00   fe1ed7cee61961967fbd3574f727e179
snippets/section-mega-menu-subitem.liquid:
  development: 2017-12-12T22:12:25+08:00   58fefc22d03787da80b1baf8ea2627e8
snippets/section-mega-menus.liquid:
  development: 2017-12-12T22:12:25+08:00   34e7e2b1d72ed55581aadd39e7f1d26b
snippets/section-productstabs-default.liquid:
  development: 2017-12-12T22:12:25+08:00   b571f286885879a1edfa28fc26abb05e
snippets/section-productstabs-vertical.liquid:
  development: 2017-12-12T22:12:25+08:00   e2ab32697f6f8545d687fb59f8aca82e
snippets/shappify-sales-clock.liquid:
  development: 2017-12-12T22:12:25+08:00   1efd836dbdc8dbc3259eedab9b9cd444
snippets/shipping-calculator.liquid:
  development: 2017-12-12T22:12:25+08:00   4d27b754677f1e35aa6efe877d239b53
snippets/sidebar-blog.liquid:
  development: 2017-12-12T22:12:25+08:00   c9ba85bd25d6f1909c4535a8326b4976
snippets/sidebar-collection.liquid:
  development: 2017-12-12T22:12:25+08:00   b34ba9ace5dc1f444b667d9a1e4db350
snippets/sidebar-myaccount.liquid:
  development: 2017-12-12T22:12:25+08:00   2fd0704720e7c38832c397847cb95bba
snippets/sidebar-product.liquid:
  development: 2017-12-12T22:12:25+08:00   7da70a287d3712d4c3deb9168334bfeb
snippets/slider-content-onboarding.liquid:
  development: 2017-12-12T22:12:25+08:00   4fe85d5a9c1bed95a98e5fb5960b9f1b
snippets/slider-content.liquid:
  development: 2017-12-12T22:12:25+08:00   6e8343d7c0d1ec54f896c0e68038f120
snippets/slider-mega-menu-content-linklist-children.liquid:
  development: 2017-12-12T22:12:25+08:00   2c1f980e474cceb20962edb838388cbf
snippets/slider-mega-menu-content-linklist-rtl-children.liquid:
  development: 2017-12-12T22:12:25+08:00   3de4a8b0c239fccf8562adb5d7b230ab
snippets/slider-mega-menu-content-linklist-rtl.liquid:
  development: 2017-12-12T22:12:26+08:00   9f4e9259e3d97e9befb0d22f2c90fc4c
snippets/slider-mega-menu-content-linklist.liquid:
  development: 2017-12-12T22:12:26+08:00   5af65eef3e68688033000e2578254845
snippets/social-widget.liquid:
  development: 2017-12-12T22:12:26+08:00   2f191a5d6556b18efeda00363a74b9df
snippets/special-offers-templates.liquid:
  development: 2017-12-12T22:12:26+08:00   622c6a6163dc1a14057673c0aa864f9e
snippets/special-offers.liquid:
  development: 2017-12-12T22:12:26+08:00   37d58aa4db8ff8097d747ea56d2f0372
snippets/spinner.liquid:
  development: 2017-12-12T22:12:26+08:00   71e591444b517981550c8c70f1198f6e
snippets/spurit_po-cart-snippet.liquid:
  development: 2017-12-12T22:12:26+08:00   64159c59a89c21eff04ac3617e01d54b
snippets/spurit_po-collection-list-snippet.liquid:
  development: 2017-12-12T22:12:26+08:00   ec19f5ffe3c8135c1391c8867b7dc39b
snippets/spurit_po-collection-snippet.liquid:
  development: 2017-12-12T22:12:26+08:00   4bfff960c07bcc0d6b118c041e526026
snippets/spurit_po-product-snippet.liquid:
  development: 2017-12-12T22:12:26+08:00   a5ea56e01d05985d3a5b6c9849fb996e
snippets/swatch.liquid:
  development: 2017-12-12T22:12:26+08:00   25e7c07fd5cd2958509210034f8b5c07
snippets/testimonials.liquid:
  development: 2017-12-12T22:12:26+08:00   52803da48c7a6e4652ac2288496f5522
snippets/top-promo.liquid:
  development: 2017-12-12T22:12:26+08:00   89a59f634bd324f2965076e91bf518ff
snippets/wishlist-item.liquid:
  development: 2017-12-12T22:12:26+08:00   e81fb24f0c13a5f99285def16035dd60
snippets/wishlist.liquid:
  development: 2017-12-12T22:12:26+08:00   6d3e72faca32097de2a05f142c41f1b3
templates/404.liquid:
  development: 2017-12-12T22:12:26+08:00   a6b4704ee149da9127c80c7304aa44de
templates/article.liquid:
  development: 2017-12-12T22:12:26+08:00   638fd2e9c53caa0a8c1341c41e4f861f
templates/blog.grid.liquid:
  development: 2017-12-12T22:12:26+08:00   8466d84d403b911ea3b2c03e8af62c01
templates/blog.grid_3_columns.liquid:
  development: 2017-12-12T22:12:26+08:00   184a6bd0295602edf4c17a91f2efd1f0
templates/blog.grid_3_columns_with_thumbnails.liquid:
  development: 2017-12-12T22:12:26+08:00   9f2f77cbf3b4cdbd7791578367def966
templates/blog.liquid:
  development: 2017-12-12T22:12:26+08:00   1058cff6a354f1f49efe187149267136
templates/cart-backup-special.liquid:
  development: 2017-12-12T22:12:26+08:00   a2233d1a80164fa08e603a9ce6d32a67
templates/cart-without-spurit_po.liquid:
  development: 2017-12-12T22:12:26+08:00   039f1b2db452a7ffba7bef08857233e9
templates/cart.liquid:
  development: 2017-12-12T22:12:26+08:00   7f3d526474c64aa936bf639770e62d26
templates/collection-without-spurit_po.liquid:
  development: 2017-12-12T22:12:26+08:00   36ebbf171b28103ed7a07ad5ec63ddd8
templates/collection.16.liquid:
  development: 2017-12-12T22:12:26+08:00   f5adf4025925d836b448ac1244b2d8bb
templates/collection.32.liquid:
  development: 2017-12-12T22:12:26+08:00   d7e0819938a60ac0d587f83ba108bc63
templates/collection.all.liquid:
  development: 2017-12-12T22:12:26+08:00   81908593e9513bd3947450ee80c6336b
templates/collection.liquid:
  development: 2017-12-12T22:12:26+08:00   3f6e91c2818db8d7faa56c6b58e2be14
templates/customers/account.liquid:
  development: 2017-12-12T22:12:26+08:00   0f781c214b86d5ce1dcd30f2d650de9d
templates/customers/activate_account.liquid:
  development: 2017-12-12T22:12:26+08:00   5ce1c46f65fe083b2d1ef5cd2c031386
templates/customers/addresses.liquid:
  development: 2017-12-12T22:12:26+08:00   f8a4fa0a8982f35da4a3c9687e854bc4
templates/customers/login.liquid:
  development: 2017-12-12T22:12:26+08:00   8487868eb945e966fb06c842d064c50d
templates/customers/order.liquid:
  development: 2017-12-12T22:12:26+08:00   82c3cb95dbeed0eeddcaeac300a66ff3
templates/customers/register.liquid:
  development: 2017-12-12T22:12:26+08:00   571f9b3af0e49f9fdb543a8c9064ea19
templates/customers/reset_password.liquid:
  development: 2017-12-12T22:12:26+08:00   a1b83c4a02794b6d06847eafba8f4c13
templates/index.liquid:
  development: 2017-12-12T22:12:26+08:00   adebb89278a21f8916169d4b51f3336b
templates/list-collections.liquid:
  development: 2017-12-12T22:12:26+08:00   10459f5590560d9350f2a09b70bb74b3
templates/page.contact.liquid:
  development: 2017-12-12T22:12:26+08:00   cc97d8ba0be27488623f2195188a3fe5
templates/page.contact2.liquid:
  development: 2017-12-12T22:12:26+08:00   d0d1fa83c7a58c36de185c1deba28bce
templates/page.faq.liquid:
  development: 2017-12-12T22:12:26+08:00   8977022a5ec599d88a015a535e0f4dbc
templates/page.liquid:
  development: 2017-12-12T22:12:26+08:00   be5f3c8476853ebdea0ae66b02e79d3d
templates/page.wishlist.liquid:
  development: 2017-12-12T22:12:26+08:00   b08fd3fa52087081e722d9d3ef0792af
templates/product-without-spurit_po.liquid:
  development: 2017-12-12T22:12:26+08:00   f3e73b30a921500cdca99949e08433ad
templates/product.liquid:
  development: 2017-12-12T22:12:26+08:00   e8cbd418d6003615d4239b33f01b460d
templates/search.json.liquid:
  development: 2017-12-12T22:12:26+08:00   776d53b5e3b7a16810c8059ca01ca756
templates/search.liquid:
  development: 2017-12-12T22:12:26+08:00   19edf2762107b52a9febd3841d5bc49e
templates/search.nulls.liquid:
  development: 2017-12-13T15:27:28+08:00   77548065d91f7c180eca627f01869d0f
templates/search.nullsc.liquid:
  development: 2017-12-13T15:27:28+08:00   17af47217e8cd5d3f2ce065d383617ad
