# THIS IS AN AUTOGENERATED FILE. DO NOT EDIT THIS FILE DIRECTLY.
assets/77ecc960973800bc72474ed1798c32e9.js:
  development: 2017-10-02T14:19:08+08:00   b2f291522f093f0b3f512656f2a7c122
assets/app.js.liquid:
  development: 2017-10-02T14:19:43+08:00   171537c7bdcabaf305873cacfe510fee
assets/blank.gif:
  development: 2017-10-02T14:20:08+08:00   325472601571f31e1bf00674c368d335
assets/cloudzoom.js:
  development: 2017-10-02T14:20:31+08:00   bcd3e0c1af1cbd274069b192f35ab930
assets/favicon.png:
  development: 2017-10-02T14:20:35+08:00   09ee278d4e958082dd3176249b69acab
assets/gift-card.scss.liquid:
  development: 2017-10-02T14:20:49+08:00   0f053b420a95d20a6d2ac9f7bba71fc6
assets/ie.css.liquid:
  development: 2017-10-02T14:21:57+08:00   875b882a8e987611d1c1f528f8c7eed6
assets/jquery.cart.min.js:
  development: '2017-10-02T14:22:34+08:00   '
assets/jquery.currencies.min.js:
  development: 2017-10-02T14:22:39+08:00   5a667ef8e9c95cfba4e752373a2e6a4c
assets/jquery.min.js:
  development: 2017-10-02T14:24:32+08:00   f03e5a3bf534f4a738bc350631fd05bd
assets/loader.gif:
  development: 2017-10-02T14:24:38+08:00   ae8189a1eda896ee867dcd220d45eef6
assets/loader2x.gif:
  development: 2017-10-02T14:24:54+08:00   5a2947183e2989a31c9a88d69892cab2
assets/ootsb.eot:
  development: '2017-10-02T14:24:55+08:00   '
assets/ootsb.svg:
  development: 2017-10-02T14:25:32+08:00   05858a84daaa864f7f1174cd9992ff69
assets/ootsb.ttf:
  development: 2017-10-02T14:25:53+08:00   846397f45cb1ee265c8bb276081afb8a
assets/ootsb.woff:
  development: 2017-10-02T14:25:57+08:00   ff2cd74094d14b9b37ce004d819ddb0e
assets/password-page-background.jpg:
  development: 2017-10-02T14:26:19+08:00   cbf4cbd57d4635de48dbdd641a2c5879
assets/placeholder.svg:
  development: 2017-10-02T14:27:11+08:00   6a411851f3481c054f16c35a0eb11f99
assets/search.jpg:
  development: 2017-10-02T14:27:18+08:00   92ff5fc63b20bd9b444350db85731aff
assets/search2x.jpg:
  development: 2017-10-02T14:27:55+08:00   086ed65016544ae852fee781c6cbccf4
assets/select.png:
  development: 2017-10-02T14:27:57+08:00   e4284a9162c31726a1a1bfc6ff8309c1
assets/skrollr.ie.js:
  development: '2017-10-02T14:27:58+08:00   '
assets/socialshopwave.css.liquid:
  development: 2017-10-02T14:19:05+08:00   590dfb4958872e7c047cf00a308c0482
assets/soldout.png:
  development: 2017-10-02T14:19:06+08:00   53d764002b8ffe2ee33772f83d353a9f
assets/ssw-app.js.liquid:
  development: 2017-10-02T14:19:10+08:00   e6811feab19cfe3ffc25101be1969ef4
assets/ssw-libraries.js:
  development: 2017-10-02T14:19:16+08:00   217e31ab362b6370fc66d098012cca1c
assets/styles.scss.liquid:
  development: 2017-10-02T14:20:02+08:00   863db260e83da1f0845768bc6fe2d7fb
config/settings_data.json:
  development: 2017-10-09T15:06:25+08:00   7f42f0ee7dfb71414fa47cf819aa10f0
config/settings_schema.json:
  development: 2017-10-02T14:20:21+08:00   d52c752622fec528c87ee7e90c0d8058
layout/theme.liquid:
  development: 2017-10-09T15:36:03+08:00   29d0bb33476823f359877dd83cf70db5
locales/de.json:
  development: 2017-10-02T14:20:48+08:00   1fadb8f09ee3d870bdf4f07930849728
locales/en.default.json:
  development: 2017-10-02T14:20:52+08:00   cb06791473115088e7a31a1d943a9de4
locales/es.json:
  development: 2017-10-02T14:21:04+08:00   21eba272d0d0858fb2a5b3ad1112a219
locales/fr.json:
  development: 2017-10-02T14:21:28+08:00   9c2a8a8429cd1906eb071f54a493cb4c
locales/pt-BR.json:
  development: 2017-10-02T14:21:51+08:00   afe43d566123edeb78e0b4374bbb1352
locales/pt-PT.json:
  development: 2017-10-02T14:22:13+08:00   8454d36d824f39f7de0ad91cf5686f86
locales/zh-CN.json:
  development: 2017-10-02T14:22:14+08:00   f813c4af2e453ec58edbcb491f78e25a
sections/article-template.liquid:
  development: 2017-10-02T14:22:19+08:00   29442bc82c71484e2496bfba264ba5e6
sections/blog-template.liquid:
  development: 2017-10-02T14:23:19+08:00   6ac5bc6634316a18d177d8a98ec1c3cc
sections/cart-template.liquid:
  development: 2017-10-02T14:23:43+08:00   a20a17f87a0aa0487aca8461ef12e62f
sections/collection-list.liquid:
  development: 2017-10-02T14:23:57+08:00   2afac291a4f8bbab372801c553a62a57
sections/collection-sub-collections-template.liquid:
  development: 2017-10-02T14:24:00+08:00   56b93b6d0d1cda2e56731206c4f1acd2
sections/collection-template.liquid:
  development: 2017-10-02T14:24:54+08:00   d68ab8ac6d05339d3dc608f6af28147f
sections/contact-template.liquid:
  development: 2017-10-02T14:24:57+08:00   5501e4f5c53136f91791b943d651e057
sections/content-page.liquid:
  development: 2017-10-02T14:19:32+08:00   b74cc03907a3e1837e46c609d24c59d9
sections/featured-blog.liquid:
  development: 2017-10-02T14:19:57+08:00   bcf8ae6e422dddbe8c64474a48f59811
sections/featured-collection.liquid:
  development: 2017-10-02T14:19:57+08:00   27e501e6b647020dc43fd241a283b373
sections/featured-products.liquid:
  development: 2017-10-02T14:20:07+08:00   04dbef7086c2466fb774f84d43cfda57
sections/featured-promotions.liquid:
  development: 2017-10-02T14:20:35+08:00   2b7fcec0e1d22e685392f78e7c3111c5
sections/featured-text.liquid:
  development: 2017-10-02T14:21:41+08:00   382302c1767f4a477246690782856c86
sections/footer.liquid:
  development: 2017-10-02T14:22:07+08:00   01e9a57c380ae603c3a82bc2dbd9c6cd
sections/gallery.liquid:
  development: 2017-10-02T14:22:18+08:00   6f62027d4c6024d5778b602193d7f4bf
sections/header.liquid:
  development: 2017-10-02T14:23:09+08:00   baffc96b20c5b7b25d35bcfa1b6b8300
sections/image-text.liquid:
  development: 2017-10-02T14:23:50+08:00   e04a94ec60325679a9dc96dd4744f4f4
sections/image-with-text-overlay-section.liquid:
  development: 2017-10-02T14:23:50+08:00   492aa9159dd8e2c11f0662a0daf83e51
sections/list-collections-template.liquid:
  development: 2017-10-02T14:23:57+08:00   294e41aba853bf4855ed40e3ca22297b
sections/logo-bar.liquid:
  development: 2017-10-02T14:24:19+08:00   b58c7e5cffa2c0df56acdd7c2c08b851
sections/page-banner-template.liquid:
  development: 2017-10-02T14:24:35+08:00   9808e8e058d9a6b4247fa0d63075328f
sections/page-sidebar-template.liquid:
  development: 2017-10-02T14:24:38+08:00   d12296089ab939ffab1ca6f5529c73b8
sections/product-description-bottom-template.liquid:
  development: 2017-10-02T14:24:53+08:00   4e8240b4676bf6170585148196ae6a3d
sections/product-details-template.liquid:
  development: 2017-10-02T14:25:47+08:00   612be0d6e6a3bc2003b7a44c057daa94
sections/product-template.liquid:
  development: 2017-10-02T14:25:56+08:00   321e23a3511d9142e0dc4dd243167d06
sections/search-template.liquid:
  development: 2017-10-02T14:26:16+08:00   1a1304096edbc1731bb1dd939edba010
sections/slideshow.liquid:
  development: 2017-10-02T14:26:17+08:00   a2005787023c279f2e5cc4e244e14b82
sections/social-feeds.liquid:
  development: 2017-10-02T14:26:21+08:00   74ff423950c9c19943e6950a42d1f2bb
sections/sswinstagram.liquid:
  development: 2017-10-02T14:26:22+08:00   465927e8e0d0cb7b135bbc6be60f5099
sections/testimonial.liquid:
  development: 2017-10-02T14:26:32+08:00   2fa6809f244341e6a4099dce17b177aa
sections/video.liquid:
  development: 2017-10-02T14:26:32+08:00   b879955cc3f5ec6e80c240ae111295bc
snippets/blog-sidebar.liquid:
  development: 2017-10-02T14:27:16+08:00   d75043458d771b02313da317871deadd
snippets/cart-shipping-calculator.liquid:
  development: 2017-10-02T14:19:13+08:00   225a900dcedc596a170a816f2d13ab7b
snippets/collection-loop.liquid:
  development: 2017-10-02T14:19:17+08:00   810015298a4920768719ff4ad0e12135
snippets/collection-swatch.liquid:
  development: 2017-10-02T14:19:24+08:00   95a66882a89e9292d7ed0ba52aa65742
snippets/currencies-switcher.liquid:
  development: 2017-10-02T14:19:42+08:00   a421123ab88e2257676698e928c5ec96
snippets/currencies.liquid:
  development: 2017-10-02T14:19:45+08:00   9d131abe3f37f7058a11770896a460ff
snippets/newsletter-popup.liquid:
  development: 2017-10-02T14:19:46+08:00   b62f85b5c938e13a627c50a72bb5f098
snippets/newsletter.liquid:
  development: 2017-10-02T14:20:28+08:00   0739db4cc6f198ee0694f68ce4692597
snippets/page-multi-column.liquid:
  development: 2017-10-02T14:21:07+08:00   38d2921aab7365802beefae5b9e526d6
snippets/pagination.liquid:
  development: 2017-10-02T14:21:23+08:00   75826d27e3a4aff9ef8ebe3570d7c882
snippets/product-breadcrumb.liquid:
  development: 2017-10-02T14:21:24+08:00   e464411fb64b4ee3849b8c19e149b44b
snippets/product-form.liquid:
  development: 2017-10-02T14:22:20+08:00   0a65e25a8be8d5683110325825867496
snippets/product-images.liquid:
  development: 2017-10-02T14:22:31+08:00   e511fcce15ba2ddc9e2bd53ef7646494
snippets/product-loop.liquid:
  development: 2017-10-02T14:22:33+08:00   33d842f36eb10c8f5faedf24dabca66e
snippets/product-notify-me.liquid:
  development: 2017-10-02T14:22:40+08:00   852fa67b1f1647db4d4e8b5f6b63a317
snippets/product-swatch.liquid:
  development: 2017-10-02T14:22:50+08:00   a8f61145707de3fbf37e0740a3484c17
snippets/product-thumbnail.liquid:
  development: 2017-10-02T14:23:31+08:00   d77c77b12f8a54fbcb5e1661dede5941
snippets/sidebar.liquid:
  development: 2017-10-02T14:23:50+08:00   fd7b7af56603cf7e53aad85eb34e149b
snippets/size-chart-popup.liquid:
  development: 2017-10-02T14:24:03+08:00   616b375581d6029eeacd93402a776ef4
snippets/social-icons.liquid:
  development: 2017-10-02T14:24:16+08:00   c7cb0ba12d45228b0164aab7263c8ab1
snippets/social-meta-info.liquid:
  development: 2017-10-02T14:24:37+08:00   7eab513d8fb9bb4f79dcada88cb7cb78
snippets/social-sign-in.liquid:
  development: 2017-10-23T15:32:52+08:00   72eb3d4e683a7924cd81eb214a0ae23e
snippets/socialshopwave-helper.liquid:
  development: 2017-10-02T14:25:02+08:00   101a6533b1230e77de90d59dbb7ab4f6
snippets/ssw-instagram-modal.liquid:
  development: 2017-10-02T14:25:47+08:00   41368072e2f3bf7999a5dd01a1d6cbff
snippets/ssw-langs.liquid:
  development: 2017-10-02T14:25:50+08:00   7156b8afeb9dbee907e69ca496104533
templates/404.liquid:
  development: 2017-10-02T14:26:16+08:00   d5dd36ece25667a145454c222d6e2c79
templates/article.liquid:
  development: 2017-10-02T14:26:21+08:00   5daa05ec94a09e61c83de1fdda71d460
templates/blog.liquid:
  development: 2017-10-02T14:20:24+08:00   2d9763b480fe6879080163b1e0e33e54
templates/cart.liquid:
  development: 2017-10-02T14:20:24+08:00   bba3c715f8c51f0520b3bd1a49ca90dc
templates/collection.liquid:
  development: 2017-10-02T14:20:27+08:00   5db0256874fca1cc72a6f068888fe095
templates/collection.sub-collections.liquid:
  development: 2017-10-02T14:21:12+08:00   f1a77a45fb9f72ebd76d90b7e648770d
templates/customers/account.liquid:
  development: 2017-10-02T14:21:12+08:00   1ef545a04659cc5db1a6f7d27ba66f1d
templates/customers/activate_account.liquid:
  development: 2017-10-02T14:21:17+08:00   63579e0acf06a1645e760f01b508bc7a
templates/customers/addresses.liquid:
  development: 2017-10-02T14:21:38+08:00   c6f4c646cb8087161f827bd68b612487
templates/customers/login-backup-social-sign-in.liquid:
  development: 2017-10-09T13:23:18+08:00   4c29025a69aaf9338d43f7124efe0b5e
templates/customers/login.liquid:
  development: 2017-10-09T13:23:19+08:00   05e750953139826b51932bbbbd41aea1
templates/customers/order.liquid:
  development: 2017-10-02T14:24:38+08:00   7685510b988fb269c079e8642f5f2247
templates/customers/register-backup-social-sign-in.liquid:
  development: 2017-10-09T13:23:29+08:00   8788f89267b98acc41e358d9ed13b939
templates/customers/register.liquid:
  development: 2017-10-09T13:23:30+08:00   c0a78e05d1dcfc50a8e9241fcbefd0fd
templates/customers/reset_password.liquid:
  development: 2017-10-02T14:25:46+08:00   54827de6a39796029f090370a5d83c2a
templates/gift_card.liquid:
  development: 2017-10-02T14:25:48+08:00   c41443b69482228456658f5ea83e7f50
templates/index.liquid:
  development: 2017-10-02T14:26:18+08:00   f928d6eada4f0a3d891309421f31f99f
templates/list-collections.liquid:
  development: 2017-10-02T14:26:32+08:00   6c951a94c4d7b8b9e36c0e655df45ed5
templates/page.banner.liquid:
  development: 2017-10-02T14:26:32+08:00   b06daadf4ee3030ccbdd06accc465761
templates/page.contact.liquid:
  development: 2017-10-02T14:27:08+08:00   312edd0abff78a45c4c52e533350c0c7
templates/page.gallery.liquid:
  development: 2017-10-02T14:27:18+08:00   097b35cc6d9ed432a15408ef149d08e5
templates/page.liquid:
  development: 2017-10-02T14:27:31+08:00   f5176e908d4cdf8c3a1ce3082613a12d
templates/page.multi-column.liquid:
  development: 2017-10-02T14:27:51+08:00   391ece5c4a4509e5d8308d8fcb299fb7
templates/page.narrow.liquid:
  development: 2017-10-02T14:27:56+08:00   70968f361d372d9db58f7724e5e6c753
templates/page.no-title.liquid:
  development: 2017-10-02T14:28:05+08:00   a81eea23d593e4da9e6e7ff031de1ca6
templates/page.sidebar.liquid:
  development: 2017-10-02T14:28:10+08:00   a6e66bf06484751c1d9abfdd3dd1a775
templates/page.socialshopwave.liquid:
  development: 2017-10-02T14:28:12+08:00   84bacb2f519d439fc45efa2224034517
templates/page.wide.liquid:
  development: 2017-10-02T14:28:12+08:00   6f9608f1a37098c52055726c829b1615
templates/password.liquid:
  development: 2017-10-02T14:28:19+08:00   4cfe6753eaa9bc7b764f14c2cb976ada
templates/product.description-bottom.liquid:
  development: 2017-10-02T14:19:59+08:00   6eaa0878ae51a9846af4f9b6a812a1a4
templates/product.details.liquid:
  development: 2017-10-02T14:20:03+08:00   a0ce8c619b7804015ddf7d062b6ab8a2
templates/product.liquid:
  development: 2017-10-02T14:20:24+08:00   7a6baccf94cff7809eba07c74974cc11
templates/product.ssw-json.liquid:
  development: 2017-10-02T14:20:35+08:00   3c84b008b09abaa5c7aa709f7dc43fac
templates/search.liquid:
  development: 2017-10-02T14:20:50+08:00   d8bfdd344b4a35a7ba9c6efc1c870203
