# THIS IS AN AUTOGENERATED FILE. DO NOT EDIT THIS FILE DIRECTLY.
assets/ajax-loader.gif:
  development: 2017-10-02T14:20:25+08:00   deca8b0ecd6974227d157b6d7068995d
assets/hero_slide_1.jpg:
  development: 2017-10-02T14:20:26+08:00   47b723b1a21eaf9dc0331e5481ebd91e
assets/ico-select.svg.liquid:
  development: 2017-10-02T14:20:52+08:00   9c9cc5a57cc74a0a64c2f62b1370a920
assets/icons.eot:
  development: 2017-10-02T14:21:04+08:00   76f814019b39922b14ab74656ca8d15e
assets/icons.json:
  development: 2017-10-02T14:21:15+08:00   5cbebf6efd01f4c123966f760ce3b6c9
assets/icons.svg:
  development: 2017-10-02T14:21:17+08:00   09999bff4312c3eb4700270ce45dbd38
assets/icons.ttf:
  development: 2017-10-02T14:21:54+08:00   6c0e0b957df8539387f42500b9b73aef
assets/icons.woff:
  development: 2017-10-02T14:22:54+08:00   14448b37396efb76ffc17b126151165f
assets/theme.js.liquid:
  development: 2017-10-02T14:23:11+08:00   14ae665eef21dabb0e5beae60c410e5e
assets/theme.scss.liquid:
  development: 2017-10-02T14:23:49+08:00   ba9eafe0e3c9057a9bc38cf67c8c3361
assets/vendor.js:
  development: 2017-10-02T14:24:37+08:00   10dd238c021863093024f9408ee01928
config/settings_data.json:
  development: 2017-10-02T14:24:38+08:00   dc4e95a2df521756a890534dc567052a
config/settings_schema.json:
  development: 2017-10-02T14:25:08+08:00   c38e8cd0a4c6570d977527c1dabc1096
layout/password.liquid:
  development: 2017-10-02T14:25:50+08:00   5d8c70f1f89db8b8076a99b8244a8e74
layout/theme.liquid:
  development: 2017-10-02T14:26:19+08:00   010a8ca3c23ccd1a91e878d7860faa59
locales/de.json:
  development: 2017-10-02T14:26:22+08:00   e33f0239b85f0c9cbec2e2fc72d79e36
locales/en.default.json:
  development: 2017-10-02T14:26:22+08:00   16fdc5a12fb789e815c1a25b9ee629d2
locales/es.json:
  development: 2017-10-02T14:26:24+08:00   8a699cb0943f9ef862ae05561da0e408
locales/fr.json:
  development: 2017-10-02T14:27:16+08:00   fd3cb06fd3ea5dd162e754cf1c57def1
locales/pt-BR.json:
  development: 2017-10-02T14:27:42+08:00   148a359bd87ee753a9ee097a2dc423bf
locales/pt-PT.json:
  development: 2017-10-02T14:27:44+08:00   0c39726506d435702d0383e0790003f2
sections/action-bar.liquid:
  development: 2017-10-02T14:27:45+08:00   0282a8685043b80ef06dad1096e48914
sections/article-template.liquid:
  development: 2017-10-02T14:21:38+08:00   511732012ebec2ade73269bd79d6f4c9
sections/cart-template.liquid:
  development: 2017-10-02T14:22:20+08:00   a982123027dfa9be9a9e733946b3b34c
sections/collection-template.liquid:
  development: 2017-10-02T14:24:54+08:00   e0511c0a194672376b285975e4fb3e38
sections/custom-html.liquid:
  development: 2017-10-02T14:25:32+08:00   f7757fe28a54634f41d8ce01af7d0caa
sections/feature-row.liquid:
  development: 2017-10-02T14:25:48+08:00   8c6b95d0bef869104692fb78d9bb92f8
sections/featured-collection.liquid:
  development: 2017-10-02T14:25:49+08:00   4d8e58763e2100441cf44a2ebde5716d
sections/featured-video.liquid:
  development: 2017-10-02T14:26:29+08:00   c3a811dcec48fec52aa8d9a319930af5
sections/footer.liquid:
  development: 2017-10-02T14:27:40+08:00   2013f57e9cf237423fc97201f891bb83
sections/header.liquid:
  development: 2017-10-02T14:27:58+08:00   923c3ccc286d44ac5275f15110b1b4c3
sections/newsletter-signup.liquid:
  development: 2017-10-02T14:28:04+08:00   d558a19500ea9dfab7179eaafe7dc3f0
sections/password-content.liquid:
  development: 2017-10-02T14:28:05+08:00   9b10349c1f775084cb001c06c40eceda
sections/password-header.liquid:
  development: 2017-10-02T14:28:09+08:00   a5dee0fb39a041379492f25fb02d3a1c
sections/product-template.liquid:
  development: 2017-10-02T14:28:10+08:00   08dbda2c87edd206b8cfdf0a672d6a11
sections/rich-text.liquid:
  development: 2017-10-02T14:28:10+08:00   6b98d6acf47978862f4d83059aa194e3
sections/search-template.liquid:
  development: 2017-10-02T14:28:11+08:00   6594792b1437b735ab8d46c7a5646d9d
sections/sidebar-menu.liquid:
  development: 2017-10-02T14:28:18+08:00   6b93d86a6cb698320316149bc07baeb0
sections/slideshow.liquid:
  development: 2017-10-02T14:28:18+08:00   f55b94cdd32d694e570a6605c1e5d073
snippets/action-bar.liquid:
  development: 2017-10-02T14:28:18+08:00   e06ebbfcd99e8293fbf548e081358636
snippets/comment.liquid:
  development: 2017-10-02T14:28:19+08:00   8778ed2c4c873c73ddfcffcef6c62843
snippets/featured-products.liquid:
  development: 2017-10-02T14:28:19+08:00   4cf2d329c625270f8a5e9c95f9094274
snippets/home-content.liquid:
  development: 2017-10-02T14:28:20+08:00   145004f0781294fbe5eb3fe834c9b6fa
snippets/pagination.liquid:
  development: 2017-10-02T14:28:22+08:00   e8afd037bbb7f6fc2f27408a48243570
snippets/product-grid-item.liquid:
  development: 2017-10-02T14:28:23+08:00   50fbfd272b9199b6b193b0b49deffc34
snippets/product-grid-width.liquid:
  development: 2017-10-02T14:28:24+08:00   6d5a51b87fb763cbe400b91a3ab41727
snippets/respond.liquid:
  development: 2017-10-02T14:28:24+08:00   ca6abf0635dc2ad8c6bd377f83c79f6b
snippets/social-meta-tags.liquid:
  development: 2017-10-02T14:23:17+08:00   797ab4aa133868f28a600db8a41ac679
snippets/social-sharing.liquid:
  development: 2017-10-02T14:23:50+08:00   087640288768644db37716100b99d963
snippets/social-sign-in.liquid:
  development: 2017-10-23T15:32:53+08:00   72eb3d4e683a7924cd81eb214a0ae23e
snippets/svg-definitions.liquid:
  development: 2017-10-02T14:23:57+08:00   fe4fbc64d534e355fd8653de4ebac79a
templates/404.liquid:
  development: 2017-10-02T14:24:29+08:00   3174081e07543efa2348c842248bb6d2
templates/article.liquid:
  development: 2017-10-02T14:24:34+08:00   08563437ca9c95766c220339923d2899
templates/blog.liquid:
  development: 2017-10-02T14:24:37+08:00   b977ac5aa7b1d1551ecc7ecec48ac147
templates/cart.liquid:
  development: 2017-10-02T14:24:53+08:00   c8fef44a3db43c4dbce3a32e0f40479c
templates/collection.liquid:
  development: 2017-10-02T14:25:40+08:00   f1cfa9fa0a88084d19c50ea943759817
templates/customers/account.liquid:
  development: 2017-10-02T14:25:46+08:00   d883804487e7c2e47d76b92271601c8a
templates/customers/activate_account.liquid:
  development: 2017-10-02T14:25:47+08:00   b9e036ff5217f909c6e6af0c42b87e9d
templates/customers/addresses.liquid:
  development: 2017-10-02T14:26:16+08:00   87e1f5559cebe11b5f521cb123972cdc
templates/customers/login-backup-social-sign-in.liquid:
  development: 2017-10-09T13:23:20+08:00   c5f6c61806808d997261d2ba14acba17
templates/customers/login.liquid:
  development: 2017-10-09T13:23:21+08:00   e4b9be92633f1f64bf5b9da44777c8ff
templates/customers/order.liquid:
  development: 2017-10-02T14:26:25+08:00   f0d870f28bf3281f696bf38495f5c39d
templates/customers/register-backup-social-sign-in.liquid:
  development: 2017-10-09T13:23:31+08:00   69d3668d2f3b18df2f0e3a39d1687036
templates/customers/register.liquid:
  development: 2017-10-09T13:23:31+08:00   96d4e941a242108b5f88bbd26ff252c3
templates/customers/reset_password.liquid:
  development: 2017-10-02T14:26:59+08:00   1b4e892fd7fbdc370faaf9e8a53b12c3
templates/gift_card.liquid:
  development: 2017-10-02T14:27:11+08:00   536614c81e238ddd0fc5b9e9a69f2fdd
templates/index.liquid:
  development: 2017-10-02T14:27:37+08:00   87e9dde6cac3ddd84a46a2ad509c77b1
templates/list-collections.liquid:
  development: 2017-10-02T14:27:42+08:00   b19b71e12e3e5f5abd02dc61efb8a47e
templates/page.contact.liquid:
  development: 2017-10-02T14:27:43+08:00   ebccf47bffd3ea1a9737e8b6ad7f0d99
templates/page.liquid:
  development: 2017-10-02T14:27:45+08:00   9d2e558070eeb465e8a55e2cefbbca30
templates/password.liquid:
  development: 2017-10-02T14:27:45+08:00   5a4a0ce64e610f88e7efc1324781ae69
templates/product.liquid:
  development: 2017-10-02T14:27:49+08:00   919ce06f287bc64f96dd74c6c8d35b9b
templates/search.liquid:
  development: 2017-10-02T14:27:49+08:00   4ec0ea6ce3b6b98bd3dd3ac56626f0b6
