# THIS IS AN AUTOGENERATED FILE. DO NOT EDIT THIS FILE DIRECTLY.
assets/FontAwesome.otf:
  development: 2017-09-13T09:35:58+08:00   0d2717cd5d853e5c765ca032dfd41a4d
assets/ajax-cart.js.liquid:
  development: 2017-09-13T09:35:55+08:00   6a0bf757efc95cf85701d71c5b31d339
assets/blank.gif:
  development: 2017-09-13T09:35:55+08:00   325472601571f31e1bf00674c368d335
assets/card.gift-card.jpg:
  development: 2017-09-13T09:35:55+08:00   d138afb15fea8f4b38315f55de8bac73
assets/corner-bottom-left.gift-card.png:
  development: 2017-09-13T09:35:56+08:00   c3f01eaef44d4ac3be84598e67be2ed8
assets/corner-bottom-right.gift-card.png:
  development: 2017-09-13T09:35:56+08:00   6e9f39539a9f0643f51aa41019f4f2d8
assets/corner-bottom-right.gift-card.svg:
  development: 2017-09-13T09:35:56+08:00   c09a76b60894aec587025cdf9b7fa8fd
assets/corner-top-left.gift-card.png:
  development: 2017-09-13T09:35:56+08:00   f6d0d5252451d3b47b5d7ec1b77705e5
assets/corner-top-left.gift-card.svg:
  development: 2017-09-13T09:35:56+08:00   1275ce20f1c9234f8c574055a0d2dfe6
assets/corner-top-right.gift-card.png:
  development: 2017-09-13T09:35:56+08:00   906dd01338931b7fee73440e2892dbb6
assets/fancybox_overlay.png:
  development: 2017-09-13T09:35:56+08:00   77aeaa52715b898b73c74d68c630330e
assets/flexslider-icon.ttf:
  development: 2017-09-13T09:35:56+08:00   b4c9e5057989b9727a5df4e0a21af33c
assets/flexslider-icon.woff:
  development: 2017-09-13T09:35:56+08:00   f8b92f66539473eea649c8514eb836a0
assets/fontawesome-webfont.eot:
  development: 2017-09-13T09:35:57+08:00   674f50d287a8c48dc19ba404d20fe713
assets/fontawesome-webfont.svg:
  development: 2017-09-13T09:35:57+08:00   912ec66d7572ff821749319396470bde
assets/fontawesome-webfont.ttf:
  development: 2017-09-13T09:35:57+08:00   b06871f281fee6b241d60582ae9369b9
assets/fontawesome-webfont.woff:
  development: 2017-09-13T09:35:57+08:00   fee66e712a8a08eef5805a46892932ad
assets/fontawesome-webfont.woff2:
  development: 2017-09-13T09:35:58+08:00   af7ae505a9eed503f8b8e6982036873e
assets/handlebars.min.js:
  development: 2017-09-13T09:35:58+08:00   b3c11508a224ee83f86e2fc6491e9751
assets/icon-bug.gift-card.png:
  development: 2017-09-13T09:35:58+08:00   342e26efccd00ac7c8a724f67808112b
assets/icon-email.gift-card.png:
  development: 2017-09-13T09:35:58+08:00   4ff30f273247cec30cb5b2473a630433
assets/icon-email.gift-card.svg:
  development: 2017-09-13T09:35:59+08:00   9de72e85a7ccdc95763f8c6c756fb3b4
assets/icon-print.gift-card.png:
  development: 2017-09-13T09:35:59+08:00   b71f0fadc8715f245bb0cea345818b48
assets/icon-print.gift-card.svg:
  development: 2017-09-13T09:35:59+08:00   0c5f2dfbae84298216ede0d35a6d18d5
assets/instafeed.js:
  development: 2017-09-13T09:35:59+08:00   13310780f6962652a6d0255eee73acdf
assets/jquery.currencies.min.js:
  development: 2017-09-13T09:35:59+08:00   5fca546cb2112fb7d2066cb83a608b70
assets/jquery.fs.shifter-icon.png:
  development: 2017-09-13T09:35:59+08:00   70ca81cfb1c7c51115a577746e3d483d
assets/jquery.products.min.js:
  development: 2017-09-13T09:35:59+08:00   1424f5a203a33f9e283a0fe1728b7d56
assets/modernizr.gift-card.js:
  development: 2017-09-13T09:35:59+08:00   a041527af2b5b1148dd228f0d18a7cfe
assets/nav_promo.jpg:
  development: 2017-09-13T09:35:59+08:00   7c3a3cd2c758c021dfe4ed96ac82cbb8
assets/password-page-background.jpg:
  development: 2017-09-13T09:35:59+08:00   444a4b222f76009ed9b821371567a1cb
assets/pattern.png:
  development: 2017-09-13T09:36:00+08:00   1b01d0689ea696bee4283fa6d2c98850
assets/popup-image.jpg:
  development: 2017-09-13T09:36:00+08:00   8fe71b5091fd5521b06a1922bdc382dc
assets/queries.css.liquid:
  development: 2017-09-13T09:36:00+08:00   d0a1606369869a157e37d67bd00d0fda
assets/select-arrow.png:
  development: 2017-09-13T09:36:00+08:00   7c8efc136ac482b05038aac5eadfb230
assets/soldout.png:
  development: 2017-09-13T09:36:00+08:00   e102fb334e89880c94740bfa11cfc7ab
assets/styles.gift-card.scss.liquid:
  development: 2017-09-13T09:36:00+08:00   c8da05371f90001154290f2bed4c1c3f
assets/stylesheet.css.liquid:
  development: 2017-09-18T09:53:47+08:00   f96431c0daf19a2b0e1573419c4c61c0
assets/theme.js.liquid:
  development: 2017-09-13T09:36:00+08:00   d7da40494a5de7b439bae7cedef59312
assets/transparency.png:
  development: 2017-09-13T09:36:00+08:00   7254f08e09358212be20073db5a7c09d
config/settings_data.json:
  development: 2017-10-13T17:37:10+08:00   639969fb5a32c02b255638ca07a6b0a2
config/settings_schema.json:
  development: 2017-09-14T18:01:02+08:00   f1e2e200e97dda09256809a1d6355f0d
layout/theme.liquid:
  development: 2017-09-29T10:52:49+08:00   6b2d914eb1a96c887a8a16347b025d48
locales/en.default.json:
  development: 2017-09-13T09:36:00+08:00   d44cd71a11273fe59ae050ed9d77bc39
sections/blog-template.liquid:
  development: 2017-09-13T09:35:54+08:00   90bda52019af84de6ee27bfd5aa53637
sections/collection-list-template.liquid:
  development: 2017-09-18T15:24:39+08:00   a42bd7c172add2d2ce19f9a0db93ed5d
sections/collection-template.liquid:
  development: 2017-09-13T09:35:54+08:00   d3a3978d7fd9fc1fa1d0c35979b10833
sections/contact-page-template.liquid:
  development: 2017-09-13T09:35:54+08:00   0efef4aa2a113e3e1a4d039b246bfd48
sections/featured-blog.liquid:
  development: 2017-09-13T09:35:54+08:00   31f3b595dff6fe1be3795f8b9ca672b5
sections/featured-collections.liquid:
  development: 2017-09-13T09:35:54+08:00   a82e6730fe97eba8d3019ad80ac32613
sections/featured-images.liquid:
  development: 2017-09-13T12:37:36+08:00   e1348af80187545fd0ab5cf591f75e98
sections/featured-products.liquid:
  development: 2017-09-13T09:35:54+08:00   5c0a8f371e7145f21fb48e43922eb92c
sections/featured-video.liquid:
  development: 2017-09-13T09:35:54+08:00   df8a531d91bb6f20e0b12607c409b862
sections/footer.liquid:
  development: 2017-09-13T09:35:54+08:00   6b0c16b7c1fd104ea883cfe052ab4b69
sections/header.liquid:
  development: 2017-09-18T08:43:46+08:00   ed40705d9cce799f2d9ec8adc638abc5
sections/instagram.liquid:
  development: 2017-09-13T09:35:54+08:00   76a07f1fd75b026c0715ea0ad8d1cd43
sections/mobile-navigation.liquid:
  development: 2017-09-13T09:35:54+08:00   09922ba2bd129a9ce5f63fef6811afcb
sections/parallax-image.liquid:
  development: 2017-09-13T09:35:54+08:00   76c8e47065877cf6fb492fc7af3332d0
sections/password-template.liquid:
  development: 2017-09-13T09:35:54+08:00   b047b8b97c561f1ac8383b885c6a0f10
sections/product-quick-template.liquid:
  development: 2017-09-13T09:35:54+08:00   8372ac29e1d72e8326bb2cb5aeeed524
sections/product-template.liquid:
  development: 2017-09-13T09:35:54+08:00   6e990f39f7ff7b949e6880bf63c2be7b
sections/slideshow.liquid:
  development: 2017-09-14T15:49:59+08:00   52e43e5c004a659d4820b40be30ee9aa
sections/social-links.liquid:
  development: 2017-09-13T09:35:54+08:00   439866fa47f9984a8f227b8c4e715852
snippets/ajax-cart-template.liquid:
  development: 2017-09-13T09:36:00+08:00   c13bbc2d952a3d884ffe610bd417adee
snippets/article-loop.liquid:
  development: 2017-09-13T09:36:01+08:00   9073236aef5f57b42606d0d036d803bf
snippets/breadcrumb.liquid:
  development: 2017-09-13T09:36:01+08:00   5923473f9509e6f73b266bdfc1a7c27e
snippets/collection-grid-item.liquid:
  development: 2017-09-13T09:36:01+08:00   d6f7d067b1e76a3a9f7a44d104ee86d2
snippets/collection-listing.liquid:
  development: 2017-09-13T09:36:01+08:00   1f129c5fbda47d33e712f211a462dbba
snippets/collection-sidebar.liquid:
  development: 2017-09-13T09:36:01+08:00   56e5cec769f4abd6a6cf1ebaae746563
snippets/contact.liquid:
  development: 2017-09-13T09:36:01+08:00   fa892c99d5a634320eb7b038940a1a5d
snippets/currencies-switcher.liquid:
  development: 2017-09-13T09:36:01+08:00   8cbc71c306dc6d85463540cd4306f4b3
snippets/currencies.liquid:
  development: 2017-09-13T09:36:01+08:00   690e1104c72f2e686856a115a85be94f
snippets/google-fonts.liquid:
  development: 2017-09-14T17:57:25+08:00   ea2592454297cc2382ef491ef38ce6d1
snippets/homepage-collections-loop.liquid:
  development: 2017-09-13T09:36:01+08:00   50fa2bfc5ba5fc4208b5777f9059fa42
snippets/mailing.liquid:
  development: 2017-09-13T09:36:01+08:00   b74d168738b96b9b28ced3a211a1a026
snippets/mobile-cart.liquid:
  development: 2017-09-13T09:36:01+08:00   73ded376c3de60fac88767cd4519e1e9
snippets/mobile-navigation.liquid:
  development: 2017-09-13T09:36:01+08:00   e1c06d85ae7b8b032bef47e42e4c08f9
snippets/navigation.liquid:
  development: 2017-09-13T09:36:01+08:00   a88c298da68d4041d1cfcb81b825bcd8
snippets/no-blocks.liquid:
  development: 2017-09-13T09:36:01+08:00   39e69cb39c68b429356843b3602dbc7f
snippets/onboard-blog.liquid:
  development: 2017-09-13T09:36:01+08:00   4771b3476f0110fd0dfcd62617a590e0
snippets/onboard-collection.liquid:
  development: 2017-09-13T09:36:01+08:00   a16dbe04d9d23d8c328c885ab61f1635
snippets/onboard-instagram.liquid:
  development: 2017-09-13T09:36:01+08:00   8dc098a928c1566fb87d1fe46a7519f8
snippets/onboard-parallax.liquid:
  development: 2017-09-13T09:36:01+08:00   6f9aedb4e50fd2b0ea0c5e60ef3e0e62
snippets/onboard-product.liquid:
  development: 2017-09-13T09:36:01+08:00   6a858acae9dc7f6dabe1681a3e199aa5
snippets/onboard-slideshow.liquid:
  development: '2017-09-13T09:36:01+08:00   '
snippets/pagination.liquid:
  development: 2017-09-13T09:36:01+08:00   ce7acf8bcbe0bb5242cbaf37ffbebc9a
snippets/popup.liquid:
  development: 2017-09-13T09:36:01+08:00   b7da4178fe72fe324876552cb9bd9d13
snippets/product-listing.liquid:
  development: 2017-09-18T15:37:30+08:00   fa7e52dc2094a26092687c9a9be38862
snippets/quick-view.liquid:
  development: 2017-09-13T09:36:01+08:00   e4c2f54373fe727e6950ddebc21d4581
snippets/recently-viewed.liquid:
  development: 2017-09-13T09:36:01+08:00   246690df10127069c15f54992b638cc5
snippets/related-products.liquid:
  development: 2017-09-18T12:49:49+08:00   0574e4ee7a84293280dc0fef2026a9f0
snippets/short-form.liquid:
  development: 2017-09-13T09:36:01+08:00   ba25283ce701737776d56a18c1ca0cbe
snippets/social-media-meta-tags.liquid:
  development: 2017-09-13T09:36:01+08:00   3f1e1dc350d67763e8c92ceb14ee97fb
snippets/social.liquid:
  development: 2017-09-13T09:36:01+08:00   614935dfafb3e574c2d4edd572741514
snippets/tag-filter.liquid:
  development: 2017-09-13T09:36:01+08:00   7f3643a49fe0cd4ee6c016e35d95fb09
snippets/timber-cart.liquid:
  development: 2017-09-13T09:36:01+08:00   c221bd56fceec1e1ef48508abe977f26
templates/404.liquid:
  development: 2017-09-13T09:36:01+08:00   fb17fef2a1f4289f47d3134ed059427a
templates/article.liquid:
  development: 2017-09-13T09:36:01+08:00   89af0403543a93e74a1b82c91749a79f
templates/blog.liquid:
  development: 2017-09-13T09:36:01+08:00   91c2d9d1599982d4c708d47bf5fc6716
templates/cart.liquid:
  development: 2017-09-13T09:36:01+08:00   2d38f0aac0be8bfa9c4c2d81e4488a44
templates/collection.liquid:
  development: 2017-09-13T09:36:01+08:00   414e87b7df331475b84a2a61c02bcec5
templates/customers/account.liquid:
  development: 2017-09-13T09:36:01+08:00   5ec916f6ab498d49d4fb8bd521c962e0
templates/customers/activate_account.liquid:
  development: 2017-09-13T09:36:01+08:00   b324677110732833e4a0e4f89e9eee58
templates/customers/addresses.liquid:
  development: 2017-09-13T09:36:01+08:00   23f563885bb44498b9a94c0098bf481f
templates/customers/login.liquid:
  development: 2017-09-13T09:36:01+08:00   ba94f8ee3b032b7496a2e3b6dddbd34f
templates/customers/order.liquid:
  development: 2017-09-13T09:36:01+08:00   a5245401af282cfe80e71c2bf8d3e467
templates/customers/register.liquid:
  development: 2017-09-13T09:36:01+08:00   a99405a4b2d49d3f2173c95faa8f7701
templates/customers/reset_password.liquid:
  development: 2017-09-13T09:36:01+08:00   54d8f3a86debcedcf388d3bda42d7b6c
templates/gift_card.liquid:
  development: 2017-09-13T09:36:01+08:00   6a564471ce8929f8d1fc75beaeb4b198
templates/index.liquid:
  development: 2017-09-13T09:36:02+08:00   a66df939065ee6faaf8813e67a0a52ab
templates/list-collections.liquid:
  development: 2017-09-13T09:36:02+08:00   2d928178b257bdcd477c36d1aec18b80
templates/page.contact.liquid:
  development: 2017-09-13T09:36:02+08:00   d936a0dbd5aebd531864f79b51f79278
templates/page.full-browser.liquid:
  development: 2017-09-13T09:36:02+08:00   568ff4b1cb0cad2830ec8a7fd5d2b0e5
templates/page.liquid:
  development: 2017-09-13T10:23:56+08:00   4e3790fd10c4831e18d9a4b6e64fd52a
templates/page.thin.liquid:
  development: 2017-09-13T09:36:02+08:00   6775b2a22c8d43c2c987a55fae6e6745
templates/password.liquid:
  development: 2017-09-13T09:36:02+08:00   a8b50073d5ac3d369e768402f185eaf3
templates/product.customizable.liquid:
  development: 2017-09-13T09:36:02+08:00   93715d681a53103cb02ca56ff5f26084
templates/product.liquid:
  development: 2017-09-13T09:36:02+08:00   93715d681a53103cb02ca56ff5f26084
templates/product.quick.liquid:
  development: 2017-09-13T09:36:02+08:00   fdfc5c3ecd4a091da3dcb25c9417372b
templates/search.liquid:
  development: 2017-09-13T09:36:02+08:00   b4c12bf19ce21dc6444c3013a44b229b
