# THIS IS AN AUTOGENERATED FILE. DO NOT EDIT THIS FILE DIRECTLY.
assets/css_main.scss.liquid:
  development: 2017-10-02T14:14:43+08:00   7769890b83307d0488678abcd5a37df9
assets/css_naked.scss.liquid:
  development: 2017-10-02T14:14:45+08:00   d791ed97275f60230544ec082ba730da
assets/img_avatar.jpg:
  development: 2017-10-02T14:14:47+08:00   40fbb9115028348e72bbce8473783d03
assets/img_preloader-x2.gif:
  development: 2017-10-02T14:14:51+08:00   6af9a46a734f9c8afb8dd0f310375c06
assets/img_preloader.gif:
  development: 2017-10-02T14:14:52+08:00   abb17c1585c9287644f324082ac3eaa5
assets/js_magnific.popup.min.js:
  development: '2017-10-02T14:14:52+08:00   '
assets/js_placeholder.min.js:
  development: '2017-10-02T14:14:53+08:00   '
assets/js_plugins.min.js:
  development: '2017-10-02T14:14:54+08:00   '
assets/js_product.js:
  development: '2017-10-02T14:14:57+08:00   '
assets/js_scripts.dev.js:
  development: '2017-10-02T14:15:09+08:00   '
assets/js_scripts.min.js:
  development: '2017-10-02T14:15:17+08:00   '
assets/socialshopwave-custom.css.liquid:
  development: '2017-10-02T14:15:33+08:00   '
assets/socialshopwave.css.liquid:
  development: 2017-10-02T14:15:42+08:00   27c82cfd659a3167ea7e962597e7b264
assets/ssw-app.js.liquid:
  development: 2017-10-02T14:16:10+08:00   188dee162a4911426ecdfe676ce7bb9f
assets/ssw-fontello.eot:
  development: '2017-10-02T14:16:10+08:00   '
assets/ssw-fontello.svg:
  development: '2017-10-02T14:16:11+08:00   '
assets/ssw-fontello.ttf:
  development: 2017-10-02T14:16:12+08:00   eadc8888930d66e152f8bd6a58f39709
assets/ssw-fontello.woff:
  development: 2017-10-02T14:16:13+08:00   600725a7c7bf581ce529fcf4df7de54e
assets/ssw-libraries.js:
  development: 2017-10-02T14:16:15+08:00   aaa2d01b9e0317ef475712884224e037
assets/svg_collection-1.svg.liquid:
  development: 2017-10-02T14:16:23+08:00   df894c53089f76aece2d93dce5d090b7
assets/svg_collection-2.svg.liquid:
  development: 2017-10-02T14:16:34+08:00   b8937fec2c92078e041e4dac9237c779
assets/svg_collection-3.svg.liquid:
  development: 2017-10-02T14:16:45+08:00   b6ef5bdaa77e59e4eef724729ec3ddce
assets/svg_lifestyle-1.svg.liquid:
  development: 2017-10-02T14:16:47+08:00   4de41b4add52c2913ac18b35beb45307
assets/svg_lifestyle-2.svg.liquid:
  development: 2017-10-02T14:16:49+08:00   290ea0fb79f46d888043d66ede493929
assets/svg_product-1.svg.liquid:
  development: 2017-10-02T14:16:52+08:00   92c9f21887296a246e5e1d03d05060a8
assets/svg_product-2.svg.liquid:
  development: 2017-10-02T14:16:57+08:00   4f7498ea2998a560e7dfcec59f3440b7
assets/svg_product-3.svg.liquid:
  development: 2017-10-02T14:17:03+08:00   806e215a72bf28132fbaa5b7e8f32904
assets/svg_product-4.svg.liquid:
  development: 2017-10-02T14:17:19+08:00   65cc93b99c1f6cf239679e715a6f193e
config/settings_data.json:
  development: 2017-10-02T14:17:20+08:00   4d1ff020b81c71074524d3118c4e1881
config/settings_schema.json:
  development: 2017-10-02T14:17:23+08:00   0574f123b5f543a2251a37d7a96ed428
layout/theme.liquid:
  development: 2017-10-02T14:17:35+08:00   b3de341d070899ad31f642b916a40bf3
locales/en.default.json:
  development: 2017-10-02T14:17:36+08:00   4de8514b2cc87b839a4536a2fd3988b7
sections/article-page.liquid:
  development: 2017-10-02T14:17:36+08:00   9641e8fd0bc246ff5a47666ded4a443d
sections/blog-page.liquid:
  development: 2017-10-02T14:17:41+08:00   c56d1c2e78c2b1f0c49af8b776de4aa9
sections/collection-page.liquid:
  development: 2017-10-02T14:17:41+08:00   de83e445a599e1220f3419a545d112cd
sections/collections-list.liquid:
  development: 2017-10-02T14:17:53+08:00   e5973a7c87e21f9ba5d0d99a49547c6e
sections/featured-blog.liquid:
  development: 2017-10-02T14:16:56+08:00   79ba3e666b068185f65daecd03db239f
sections/featured-products.liquid:
  development: 2017-10-02T14:16:57+08:00   2c732515fcd4e5cd261e31d0eb1c0a2a
sections/gallery.liquid:
  development: 2017-10-02T14:16:58+08:00   bff66d66614e079b0260e0f410a9011b
sections/gift-card.liquid:
  development: 2017-10-02T14:17:02+08:00   4fb4a8eae12dcd6b276fb385d99fb5cc
sections/list-collections.liquid:
  development: 2017-10-02T14:17:02+08:00   842228aa3f106383e9353d026ac3e81e
sections/password-sharing.liquid:
  development: 2017-10-02T14:17:09+08:00   56742d91ccf5a943f4d3e07e10981421
sections/popup.liquid:
  development: 2017-10-02T14:17:12+08:00   f9780e39d89c3d1a651e19e70202c6f7
sections/product-page.liquid:
  development: 2017-10-02T14:17:13+08:00   33cb7dcc22ac9bde515b20ca9c93bbc5
sections/rich-text.liquid:
  development: 2017-10-02T14:17:19+08:00   11a540bbd1cfc4a89eb86c8601cea912
sections/sidebar.liquid:
  development: 2017-10-02T14:17:19+08:00   a87efd3481c994332df9c6be0154eac0
sections/slideshow.liquid:
  development: 2017-10-02T14:17:23+08:00   d7d95d486f933d5ba79d3357398d0def
snippets/asset_svg.liquid:
  development: 2017-10-02T14:17:24+08:00   24a22f4dad15aabfd4e1395ec55ed514
snippets/blog_comment.liquid:
  development: 2017-10-02T14:17:36+08:00   0d7a222c67e60b287d334d5330d975f4
snippets/blog_item.liquid:
  development: 2017-10-02T14:17:36+08:00   b6d93ca87cd2f00de4410e55ee509ae3
snippets/blog_tags.liquid:
  development: 2017-10-02T14:17:37+08:00   dcd6e5ad7d1e19be647c8f8fa44206f6
snippets/collection_filter-advanced.liquid:
  development: 2017-10-02T14:17:54+08:00   1b16600b6b9eaa2f05428787104c536f
snippets/collection_filter.liquid:
  development: 2017-10-02T14:17:54+08:00   06c3383f5d19ecc3a9b8f2aab6dfdc90
snippets/collection_item-blank.liquid:
  development: 2017-10-02T14:17:56+08:00   47c78e2f0330be6b2e9504929af15f85
snippets/collection_item-four.liquid:
  development: 2017-10-02T14:17:56+08:00   8edeaf05054540c96b590ab0c4d37170
snippets/collection_item-one.liquid:
  development: 2017-10-02T14:17:58+08:00   173a3eff688ef65ef86ebb6e3d8fd43f
snippets/collection_item-three.liquid:
  development: 2017-10-02T14:17:58+08:00   afe1973f73e7d5efcde4a3d53b80de2b
snippets/collection_item-two.liquid:
  development: 2017-10-02T14:17:58+08:00   7582abe52e1997e836f44d9b4d954f63
snippets/collection_item.liquid:
  development: 2017-10-02T14:18:06+08:00   923299c8bca80575c5d140a45dd3196a
snippets/collection_sort.liquid:
  development: 2017-10-02T14:18:06+08:00   1d58042dcbd15599f5180ea16b28076e
snippets/collections_item-variable.liquid:
  development: 2017-10-02T14:17:53+08:00   6e1ce8b24b95f5c1acbd4aa7f3764e84
snippets/collections_item.liquid:
  development: 2017-10-02T14:17:54+08:00   a164c67eed34f0cd06a336fa4056db69
snippets/footer_links.liquid:
  development: 2017-10-02T14:18:08+08:00   62ec0f7ddcfbe992664369e1445af402
snippets/footer_social-icons.liquid:
  development: 2017-10-02T14:18:14+08:00   03ea09d2503083e22d7bafbcb5fff569
snippets/form-errors.liquid:
  development: 2017-10-02T14:18:14+08:00   c4dc7d7602bcf6b34bacb1bc3769f278
snippets/head_fonts.liquid:
  development: 2017-10-02T14:18:18+08:00   c5896db1469c8fba73b1dd39cd5cae9b
snippets/head_old-ie.liquid:
  development: 2017-10-02T14:18:20+08:00   bace53b00c83f8a24bcd0903d3373218
snippets/head_open-graph.liquid:
  development: 2017-10-02T14:18:23+08:00   9ef39d51446fa69ad749ee0709ffc267
snippets/main_overlay-actions.liquid:
  development: 2017-10-02T14:18:28+08:00   6898ba7f5b93118fc328f64067f25f9b
snippets/main_pagination.liquid:
  development: 2017-10-02T14:18:29+08:00   65d107d19a2077817afa7663af5f3ea7
snippets/main_search.liquid:
  development: 2017-10-02T14:18:29+08:00   cbfd269eab99b0a545d12fd7c94b00c1
snippets/main_sharing.liquid:
  development: 2017-10-02T14:18:40+08:00   ec921348bda641b63e377ba827469042
snippets/product_breadcrumb.liquid:
  development: 2017-10-02T14:18:42+08:00   9f2b060bc287d4646f2d419c2d35f183
snippets/sidebar_nav-collections.liquid:
  development: 2017-10-02T14:18:44+08:00   d25833d45039e7606a8cfbe07058aa5d
snippets/sidebar_nav-main.liquid:
  development: 2017-10-02T14:18:49+08:00   925c9877863a32231036fc784ad0dd20
snippets/social-sign-in.liquid:
  development: 2017-10-23T15:32:51+08:00   72eb3d4e683a7924cd81eb214a0ae23e
snippets/socialshopwave-helper.liquid:
  development: 2017-10-02T14:18:49+08:00   548608dd6f103ac9c01b4a8025ea0999
snippets/ssw-helpers.liquid:
  development: 2017-10-02T14:18:50+08:00   2371bd54167bb0d3312e6382b852b17c
snippets/ssw-instagram-helper.liquid:
  development: 2017-10-02T14:18:51+08:00   7ac12dc927d7042736c35b4200449639
snippets/ssw-instagram-modal.liquid:
  development: 2017-10-02T14:18:51+08:00   5323d28dc5561c0a1ab681df16e5155a
snippets/ssw-instagram-photos.liquid:
  development: 2017-10-02T14:18:53+08:00   cb2a7316b185caf5eb424d6c9b1da109
snippets/ssw-langs.liquid:
  development: 2017-10-02T14:18:53+08:00   4d7a95428718da03b786e3e9e3899c3b
templates/404.liquid:
  development: 2017-10-02T14:18:58+08:00   181a67a384eda287e976c7752dc92945
templates/article.liquid:
  development: 2017-10-02T14:18:58+08:00   9ea6935da05f2f94a9a43d2440d9df07
templates/blog.liquid:
  development: 2017-10-02T14:18:58+08:00   c978ce3587e691927514eeab46034f55
templates/cart.liquid:
  development: 2017-10-02T14:19:07+08:00   8c7fca7cc59457c0ae7b511c2a2f2017
templates/collection.liquid:
  development: 2017-10-02T14:19:08+08:00   e90d7d210d3552440401f4ec5ec05684
templates/customers/account.liquid:
  development: 2017-10-02T14:18:29+08:00   64c7da30bc1c16dd4141603a4576c5a0
templates/customers/activate_account.liquid:
  development: 2017-10-02T14:18:29+08:00   2d92fdf4cd3f6c18c717f1045a41a8a7
templates/customers/addresses.liquid:
  development: 2017-10-02T14:19:17+08:00   e46903581c8a8e054251d36a04be592e
templates/customers/login-backup-social-sign-in.liquid:
  development: 2017-10-09T13:23:13+08:00   fab403ea7005eba01799e665127f8eb9
templates/customers/login.liquid:
  development: 2017-10-09T13:23:14+08:00   a6df1d4078c1b2cb0fe2412ac45a236d
templates/customers/order.liquid:
  development: 2017-10-02T14:19:54+08:00   2f9e6ee706739fb7fbd19fc1b0315ea1
templates/customers/register-backup-social-sign-in.liquid:
  development: 2017-10-09T13:23:26+08:00   5dbaaa5f072122a2316ee2e473f60af9
templates/customers/register.liquid:
  development: 2017-10-09T13:23:26+08:00   5492e8b95b25ba0c401e28becc1d2822
templates/customers/reset_password.liquid:
  development: 2017-10-02T14:20:51+08:00   47bd6f5d7622e500057b04434634b9e3
templates/gift_card.liquid:
  development: 2017-10-02T14:20:55+08:00   16274bcef718b2f103511e5e31d4e22b
templates/index.liquid:
  development: 2017-10-02T14:21:06+08:00   4070941f83171aa8bb6bd2f2ed470ee2
templates/index.ssw-async.liquid:
  development: 2017-10-02T14:21:28+08:00   44b35c226fcae5b8e73f9a6b9987c04b
templates/list-collections.liquid:
  development: 2017-10-02T14:21:50+08:00   cdde62b0cf6a418c2f32397471a00eac
templates/page.contact.liquid:
  development: 2017-10-02T14:22:14+08:00   c62d28e2152539a28f7faaa416088d3e
templates/page.liquid:
  development: 2017-10-02T14:23:58+08:00   385458a6d60d15f03125ffac0be73472
templates/page.socialshopwave.liquid:
  development: 2017-10-02T14:24:29+08:00   84065d9a1e0f01c19af1fdf405119e77
templates/password.liquid:
  development: 2017-10-02T14:24:29+08:00   7266692b17901aefdabe0d8b09204006
templates/product.liquid:
  development: 2017-10-02T14:24:33+08:00   35ac895a3ffe048b31ece4e1eee180bf
templates/product.ssw-json.liquid:
  development: 2017-10-02T14:24:44+08:00   e068329d0653d3e74133db5a57d4a541
templates/search.liquid:
  development: 2017-10-02T14:25:07+08:00   939ef43e463f36cb9a46fa2d41cf925d
