# THIS IS AN AUTOGENERATED FILE. DO NOT EDIT THIS FILE DIRECTLY.
assets/css_main.scss.liquid:
  development: 2017-10-23T23:46:15+08:00   42bc4dd2b7c300f17c7c549b497a74fa
assets/css_naked.scss.liquid:
  development: 2017-10-16T00:18:49+08:00   f9f4c5fa90da5dc9da4571e2728e0b5a
assets/css_noscript.scss.liquid:
  development: 2017-10-16T00:18:49+08:00   ba80376426ee690d5ad229beaf2fb7e3
assets/gift-card.scss.liquid:
  development: 2017-10-16T00:18:49+08:00   91d51653e33b3619fe698730e6cd2fe7
assets/img_avatar.jpg:
  development: 2017-10-16T00:18:49+08:00   18b604afdd77b156c5beca8928c24fdc
assets/img_marker-dark.png:
  development: 2017-10-16T00:18:49+08:00   95d28557b6b0cbb0dd3e47eba3cb687b
assets/img_marker-light.png:
  development: 2017-10-16T00:18:49+08:00   eadcca54143a766af0dd72e6cc4723aa
assets/js_main.dev.js:
  development: 2017-10-23T23:46:16+08:00   c266a8ed3db667febdadc62db342996b
assets/js_main.min.js:
  development: 2017-10-23T23:46:16+08:00   9d1a64cb674e28a6000d23db6cb94e3e
assets/js_plugins.min.js:
  development: 2017-10-16T00:18:49+08:00   d457e407fb86c14acb3ee98ccd63b30e
assets/svg_collection-1.svg.liquid:
  development: 2017-10-16T00:18:49+08:00   df894c53089f76aece2d93dce5d090b7
assets/svg_collection-2.svg.liquid:
  development: 2017-10-16T00:18:49+08:00   b8937fec2c92078e041e4dac9237c779
assets/svg_collection-3.svg.liquid:
  development: 2017-10-16T00:18:49+08:00   b6ef5bdaa77e59e4eef724729ec3ddce
assets/svg_collection-4.svg.liquid:
  development: 2017-10-16T00:18:49+08:00   eceec1458186b402984270142dd1e7e9
assets/svg_collection-5.svg.liquid:
  development: 2017-10-16T00:18:49+08:00   297a4710e6f87873a5edc4d03fab01e6
assets/svg_collection-6.svg.liquid:
  development: 2017-10-16T00:18:49+08:00   9aa1c66022cb9a426e4a941886451767
assets/svg_lifestyle-1.svg.liquid:
  development: 2017-10-16T00:18:49+08:00   4de41b4add52c2913ac18b35beb45307
assets/svg_lifestyle-2.svg.liquid:
  development: 2017-10-16T00:18:50+08:00   290ea0fb79f46d888043d66ede493929
assets/svg_product-1.svg.liquid:
  development: 2017-10-16T00:18:50+08:00   92c9f21887296a246e5e1d03d05060a8
assets/svg_product-2.svg.liquid:
  development: 2017-10-16T00:18:50+08:00   4f7498ea2998a560e7dfcec59f3440b7
assets/svg_product-3.svg.liquid:
  development: 2017-10-16T00:18:50+08:00   806e215a72bf28132fbaa5b7e8f32904
assets/svg_product-4.svg.liquid:
  development: 2017-10-16T00:18:50+08:00   65cc93b99c1f6cf239679e715a6f193e
assets/svg_product-5.svg.liquid:
  development: 2017-10-16T00:18:50+08:00   d6861baaceb7073530062a2274353179
assets/svg_product-6.svg.liquid:
  development: 2017-10-16T00:18:50+08:00   e2f467fee552d567c96a4b48e49b750e
config/settings_data.json:
  development: 2017-10-16T00:18:48+08:00   c4790594198ef27256cd8fc896a038cf
config/settings_schema.json:
  development: 2017-10-16T00:18:50+08:00   45c6c7f0df7868271e76ccdd26403fbf
layout/theme.liquid:
  development: 2017-10-16T00:18:50+08:00   83c4443e09c1cc0c2e73b407e64e6b31
locales/en.default.json:
  development: 2017-10-16T00:18:52+08:00   241871e2c52f4c4549990ac4e818fbf7
sections/article.liquid:
  development: 2017-10-16T00:18:47+08:00   7d2f9f9e19bccdcf5c421e4ecfbd0c7e
sections/blog.liquid:
  development: 2017-10-16T00:18:47+08:00   3a33aedeb071a3a0c7410d7c55e24e0b
sections/collection.liquid:
  development: 2017-10-16T00:18:47+08:00   8276ec8f2bf8531be186d1ee0e4a0949
sections/contact.liquid:
  development: 2017-10-16T00:18:47+08:00   2e8ad39cf16c8a217e51ac54f7f3b9a7
sections/footer.liquid:
  development: 2017-10-16T00:18:47+08:00   22c7031b349b747a0b15b0222fe8a27b
sections/header.liquid:
  development: 2017-10-16T00:18:47+08:00   de804d056d56da4a4ddf5d8bf73c26d1
sections/home_blog-posts.liquid:
  development: 2017-10-16T00:18:47+08:00   2936de2e442d9872f5dbdc9323900a94
sections/home_collection.liquid:
  development: 2017-10-16T00:18:47+08:00   b299c757c527a945fa6d68bbbe1ed9ad
sections/home_image-text.liquid:
  development: 2017-10-16T00:18:47+08:00   4bccf40230e8cd0b576f0db2e106bfdd
sections/home_rich-text.liquid:
  development: 2017-10-16T00:18:48+08:00   ef3f5c45bbff09c3b5b534f8beeff444
sections/home_slideshow.liquid:
  development: 2017-10-16T00:18:48+08:00   7428c930b70f10accb213c3ae169e447
sections/home_social-feed.liquid:
  development: 2017-10-16T00:18:48+08:00   e01901d1bb744e9fb12011332a73a935
sections/home_testimonials.liquid:
  development: 2017-10-16T00:18:48+08:00   1527cef3f342456ddcccab6985e104f2
sections/home_video.liquid:
  development: 2017-10-16T00:18:48+08:00   6df46679188fdf9074255f622a56ed81
sections/popup.liquid:
  development: 2017-10-16T00:18:48+08:00   3f1b1868b50132d49814078c2b7aa664
sections/product.liquid:
  development: 2017-10-16T00:18:48+08:00   7fdb91fcd82af57f547e8a2f3c8a9f21
snippets/article_comments.liquid:
  development: 2017-10-16T00:18:50+08:00   fdcd0ccb744e036bffb815922e3b615c
snippets/asset_svg.liquid:
  development: 2017-10-16T00:18:50+08:00   d83cae55a2a9625002cc5c0d51e1a5fc
snippets/blog_post-blank.liquid:
  development: 2017-10-16T00:18:50+08:00   214d85d2d7ab7980b5a18d47da59f296
snippets/blog_post-content.liquid:
  development: 2017-10-16T00:18:50+08:00   7d8014896db894a5b74f27e3a1824465
snippets/cart_form.liquid:
  development: 2017-10-16T00:18:50+08:00   359e0a111b67629f26850d4be81a140a
snippets/collection_collection-content.liquid:
  development: 2017-10-16T00:18:50+08:00   3bdbdfc981f601d746c598cc996930e7
snippets/collection_product-blank.liquid:
  development: 2017-10-16T00:18:50+08:00   abce8ea2bdc389139f49b5d4c9ac21b6
snippets/collection_product-content.liquid:
  development: 2017-10-16T00:18:50+08:00   d256bf4be2775efbe21eb3175e1af827
snippets/footer_content-contact.liquid:
  development: 2017-10-16T00:18:51+08:00   a059a51e28d6a769f5cdf90d1ad27cca
snippets/footer_content-menu.liquid:
  development: 2017-10-16T00:18:51+08:00   82c717f02e277d4d213ad9089a7c69c2
snippets/footer_content-newsletter.liquid:
  development: 2017-10-16T00:18:51+08:00   87e6856c5335d09b134fa3fb3fc6a27b
snippets/footer_content-payment.liquid:
  development: 2017-10-16T00:18:51+08:00   ae21e4a31164ee7de6a68074eab11e4b
snippets/footer_content-social.liquid:
  development: 2017-10-16T00:18:51+08:00   9cd1ad5cbfad83f5266b109c31668013
snippets/head_fonts.liquid:
  development: 2017-10-16T00:18:51+08:00   4a260558a086b222e8fa9c6d96d08871
snippets/header_footer-payment.liquid:
  development: 2017-10-16T00:18:51+08:00   9d1d4943e6e1f44d7f2fee677f15b6af
snippets/header_footer-social.liquid:
  development: 2017-10-16T00:18:51+08:00   07c42e8d64cbdb025e4f445946574cf7
snippets/header_nav-menu.liquid:
  development: 2017-10-16T00:18:51+08:00   0d4b5f3b4567cc902434b5dd898af5e3
snippets/image_text-content.liquid:
  development: 2017-10-16T00:18:51+08:00   abbe21df18a82e93c4b3582cab6bd399
snippets/pagination.liquid:
  development: 2017-10-16T00:18:51+08:00   47c007736a2363429b5e57e84a70371c
snippets/product_badges.liquid:
  development: 2017-10-16T00:18:51+08:00   094cbb68157d7a2159628a7996087efc
snippets/product_breadcrumb.liquid:
  development: 2017-10-16T00:18:51+08:00   2d5680ccafb7eb7ca54d95c372fb9077
snippets/product_related.liquid:
  development: 2017-10-16T00:18:51+08:00   81551e9a520b5a8c6d825176fa0aaef1
snippets/search_bar.liquid:
  development: 2017-10-16T00:18:51+08:00   45f367d754baf6bc44ea24a5ef18e3dc
snippets/sidebar_content-cart.liquid:
  development: 2017-10-16T00:18:51+08:00   6c255aa74a39b072e3ba971a5a425275
snippets/sidebar_content-filters.liquid:
  development: 2017-10-16T00:18:51+08:00   6808b6c74d68267ff58116ab984fa5d1
snippets/sidebar_content-menu.liquid:
  development: 2017-10-16T00:18:51+08:00   9cd0e2db1cd5f39002c8181d09a7400b
snippets/sidebar_content-search.liquid:
  development: 2017-10-16T00:18:51+08:00   4fbdb25f1b92f2a7880ab112798c5f90
snippets/slideshow_content.liquid:
  development: 2017-10-16T00:18:51+08:00   dcf379ae370479aa4422c0644039bb2f
snippets/social_meta.liquid:
  development: 2017-10-16T00:18:51+08:00   94ffd5e78b601fe7324d3893077102b7
snippets/social_sharing.liquid:
  development: 2017-10-23T23:46:16+08:00   e8954c3aa94c572ed32934db0ca83372
templates/404.liquid:
  development: 2017-10-16T00:18:52+08:00   a160ec1f714313f307b90e7019559fcb
templates/article.liquid:
  development: 2017-10-16T00:18:52+08:00   357fa64339bd70e38e9308be694cd73d
templates/blog.liquid:
  development: 2017-10-16T00:18:52+08:00   47c2b193635073128d05302ebf0ef481
templates/cart.liquid:
  development: 2017-10-16T00:18:52+08:00   df6d80ee7f19640a6a7d1ef2ad893ecd
templates/collection.liquid:
  development: 2017-10-16T00:18:52+08:00   751f4d4ccebacf4e529b4fc2ebbefa5c
templates/customers/account.liquid:
  development: 2017-10-16T00:18:52+08:00   ca766fa69c7c0ad04a43b78abbb63a24
templates/customers/activate_account.liquid:
  development: 2017-10-16T00:18:52+08:00   11deebaedec7bdd6dfaf33c51f0d46ad
templates/customers/addresses.liquid:
  development: 2017-10-16T00:18:52+08:00   989f7e49de4b328574adc720eb3bcd0d
templates/customers/login.liquid:
  development: 2017-10-16T00:18:52+08:00   e3888ce5974638054b838e891970b2ce
templates/customers/order.liquid:
  development: 2017-10-16T00:18:52+08:00   f04546c8d3c97cf2a60a0ef2aa388fa8
templates/customers/register.liquid:
  development: 2017-10-16T00:18:52+08:00   899523d9eeee1e2314990c5a5c55fb21
templates/customers/reset_password.liquid:
  development: 2017-10-16T00:18:52+08:00   65634166980d159dba159cf0c2f69139
templates/gift_card.liquid:
  development: 2017-10-16T00:18:52+08:00   ceb4b2d3d96fca291034b4b861e5ac13
templates/index.liquid:
  development: 2017-10-16T00:18:52+08:00   d302a96d14066d9123000f75fb81d151
templates/list-collections.liquid:
  development: 2017-10-16T00:18:52+08:00   16d4dec18e1e7bd776d7aa79a451fad0
templates/page.contact.liquid:
  development: 2017-10-16T00:18:52+08:00   21812286023caff999958bae7cd05a89
templates/page.fullwidth.liquid:
  development: 2017-10-16T00:18:52+08:00   19ff82f02f43b1d635e3744a12fe028d
templates/page.liquid:
  development: 2017-10-23T23:46:16+08:00   a0e8512c1784cba08ef10d9c374c085b
templates/password.liquid:
  development: 2017-10-16T00:18:52+08:00   88e17bbf6b1dd82e4878309cb8ee44bf
templates/product.liquid:
  development: 2017-10-16T00:18:52+08:00   5554591c93ec75432263edef87816c08
templates/search.liquid:
  development: 2017-10-16T00:18:52+08:00   249d26ad739e1885ef4f50589ff2c2af
