# THIS IS AN AUTOGENERATED FILE. DO NOT EDIT THIS FILE DIRECTLY.
assets/77ecc960973800bc72474ed1798c32e9.js:
  development: 2017-05-21T01:59:37-04:00   b2f291522f093f0b3f512656f2a7c122
assets/app.js.liquid:
  development: 2017-05-21T01:59:37-04:00   c0e74e901156ccc8720df9e2dcc9a2bc
assets/avatar.png:
  development: 2017-05-21T01:59:37-04:00   7ce05d54c46e5bd9a6d6b5ebf975cacb
assets/blank.gif:
  development: 2017-05-21T01:59:37-04:00   325472601571f31e1bf00674c368d335
assets/fancybox_loading.gif:
  development: 2017-05-21T01:59:37-04:00   622a564eea1afd00986462fc40331029
assets/fancybox_overlay.png:
  development: 2017-05-21T01:59:37-04:00   9284f441ef4a04901a1f750731fa3c05
assets/fancybox_sprite.png:
  development: 2017-05-21T01:59:37-04:00   4983b988348f59ab0d4bf9f7aa058f78
assets/favicon.png:
  development: 2017-05-21T01:59:37-04:00   6a1bed3b3b45282af209cb40d9fd2364
assets/gift-card.scss.liquid:
  development: 2017-05-21T01:59:38-04:00   0f053b420a95d20a6d2ac9f7bba71fc6
assets/jquery.cart.min.js:
  development: 2017-05-21T01:59:38-04:00   f5e01e69e7327ceea4de4217232a3c43
assets/jquery.currencies.min.js:
  development: 2017-05-21T01:59:38-04:00   5a667ef8e9c95cfba4e752373a2e6a4c
assets/jquery.min.js:
  development: 2017-05-21T01:59:38-04:00   f03e5a3bf534f4a738bc350631fd05bd
assets/loader.gif:
  development: 2017-05-21T01:59:38-04:00   7b39a944d4d1690a9389cfa23469d4bd
assets/password-page-background.jpg:
  development: 2017-05-21T01:59:38-04:00   06e162857a140f7b984f5949fd21fab0
assets/responsive.eot:
  development: 2017-05-21T01:59:38-04:00   c7a20622300d5e52a0a170f8450f52cc
assets/responsive.svg:
  development: 2017-05-21T01:59:38-04:00   3fd5b92751c9b072565d00d1d37c8345
assets/responsive.ttf:
  development: 2017-05-21T01:59:38-04:00   0cc6583040420a0175eec05961e9d39a
assets/responsive.woff:
  development: 2017-05-21T01:59:38-04:00   4e6a5dc26c8c0f24774dc06398b9d05c
assets/search.jpg:
  development: 2017-05-21T01:59:38-04:00   0efaa60ecde265d79738b1d4697eef62
assets/search2x.jpg:
  development: 2017-05-21T01:59:38-04:00   d357bd10a33798922bde79af80521ff2
assets/select.png:
  development: 2017-05-21T01:59:39-04:00   1f9fc9835f19d372d07e9b1448c24831
assets/soldout.png:
  development: 2017-05-21T01:59:39-04:00   7f9148939f5e4bdae4edae5febed2e99
assets/ss-sandbox.eot:
  development: 2017-05-21T01:59:39-04:00   711f3243cfb1149c23737bf2fe41d767
assets/ss-sandbox.js:
  development: 2017-05-21T01:59:39-04:00   aae00bad1c7b4cd0683b83ad05594bd1
assets/ss-sandbox.svg:
  development: 2017-05-21T01:59:39-04:00   b3394be128be9e631b804c3123db82c2
assets/ss-sandbox.ttf:
  development: 2017-05-21T01:59:39-04:00   a5015382ba18d879c7295256710266f2
assets/ss-sandbox.woff:
  development: 2017-05-21T01:59:39-04:00   b55039769d22b85a1f658e52429f4e64
assets/styles.scss.liquid:
  development: 2017-05-21T01:59:39-04:00   9c5e4c5620583faeb5ae0d9853f968b9
config/settings_data.json:
  development: 2017-10-31T03:28:27-04:00   52c74f016a35a51bcd76262f26625ff3
config/settings_schema.json:
  development: 2017-05-21T01:59:39-04:00   eeee407797d3fca7da2f6f023fab3923
layout/theme.liquid:
  development: 2017-09-22T21:52:04-04:00   6a49a57c50ce711cc44c4ed708d4a2f8
locales/de.json:
  development: 2017-05-21T01:59:40-04:00   c6479f4e02445a5753cb6276dca5afe9
locales/en.default.json:
  development: 2017-05-21T01:59:40-04:00   4da79dc064124ad84e8e90453d23d659
locales/es.json:
  development: 2017-05-21T01:59:40-04:00   1ddf02f80287efa76da7f5696c716730
locales/fr.json:
  development: 2017-05-21T01:59:40-04:00   604275d17bea1f594207f0400d6e399b
locales/pt-BR.json:
  development: 2017-05-21T01:59:40-04:00   151564d5747a89001194c2dd1b50be7f
locales/pt-PT.json:
  development: 2017-05-21T01:59:40-04:00   9d1499df2e3f6b11dbbc437aa3b21023
locales/zh-CN.json:
  development: 2017-05-21T01:59:40-04:00   49a67a76b5b9ef67c640e203d3021934
sections/article-template.liquid:
  development: 2017-05-21T01:59:34-04:00   1701200172b2b8b88b6d4a272f6d8e9b
sections/blog-template.liquid:
  development: 2017-05-21T01:59:34-04:00   db9c285bc81a70c90ce3c40d12fbb8ca
sections/cart-template.liquid:
  development: 2017-05-21T01:59:34-04:00   54e53cb5aaa1e8da453f2452d5726113
sections/collection-banner-template.liquid:
  development: 2017-05-21T01:59:34-04:00   d76d101398487665ed3afea4d1fcb621
sections/collection-list.liquid:
  development: 2017-05-21T01:59:34-04:00   d8961a8f1cc0ae0c78d8c9f6ffe4e9ab
sections/collection-sub-collections-template.liquid:
  development: 2017-05-21T01:59:34-04:00   25959b58ad10b24eeb74b1c7095e809c
sections/collection-template.liquid:
  development: 2017-05-21T01:59:34-04:00   f9ba3c9f9fe7470b8e9382fddd93e1d1
sections/contact-template.liquid:
  development: 2017-05-21T01:59:34-04:00   a6509feb9261095b3f43568ddefe035f
sections/content-page.liquid:
  development: 2017-05-21T01:59:34-04:00   6833b536c1e503c2c97c647a01c64f10
sections/featured-blog.liquid:
  development: 2017-05-21T01:59:34-04:00   7d4887f015004ee227b0a4eb2d7d1f4f
sections/featured-collection.liquid:
  development: 2017-05-21T01:59:34-04:00   faf43300dada45efd05451605162a1d1
sections/featured-products.liquid:
  development: 2017-05-21T01:59:34-04:00   dba2183def9d8bfef648cd4746f9e3c2
sections/featured-promotions.liquid:
  development: 2017-05-21T01:59:34-04:00   24589d0d4c3c07eb5c6dce38e8ad5aa3
sections/featured-text.liquid:
  development: 2017-05-21T01:59:34-04:00   34ee37f04516b9bcebf6e41f0e6bd569
sections/footer.liquid:
  development: 2017-05-21T01:59:34-04:00   d87935ec162f726ac5b8af0beefedf62
sections/gallery.liquid:
  development: 2017-10-04T00:08:57-04:00   a947a69d0fb4685e9832fefdd67b6759
sections/header.liquid:
  development: 2017-05-21T01:59:34-04:00   0df896fb98d1f34394e3ae5048836fed
sections/image-text.liquid:
  development: 2017-05-21T01:59:34-04:00   4c6e0e50d7285ce811c468ef89d329cd
sections/image-with-text-overlay-section.liquid:
  development: 2017-05-21T01:59:34-04:00   8ae222f331ea7d9c43a67290208659a7
sections/list-collections-template.liquid:
  development: 2017-05-21T01:59:34-04:00   584674e7529d77e5b4770045cb6b4854
sections/logo-bar.liquid:
  development: 2017-05-21T01:59:34-04:00   1cccf336dcbece38519c0df800a5aeea
sections/page-sidebar-template.liquid:
  development: 2017-05-21T01:59:34-04:00   daf5b327728a8c49f5b67a17b3ed1d7d
sections/product-description-bottom-template.liquid:
  development: 2017-05-21T01:59:35-04:00   237e133e482d3d03b20b93f3d088a17c
sections/product-details-template.liquid:
  development: 2017-05-21T01:59:35-04:00   b4139446ec1c1ea7309136252760b388
sections/product-template.liquid:
  development: 2017-05-21T01:59:35-04:00   9f21f5a0659c3cc1e434e51da6ca79ff
sections/search-template.liquid:
  development: 2017-05-21T01:59:35-04:00   43bc33cddc2f34914481033576827bc4
sections/slideshow.liquid:
  development: 2017-05-21T01:59:35-04:00   1c1fea62a116933bd9e8656bae5a2355
sections/social-feeds.liquid:
  development: 2017-05-21T01:59:35-04:00   fc88880541729a8c26950029d326d7d3
sections/test.liquid:
  development: 2017-09-27T00:18:53-04:00   60e73a5c07bd864f81b36aa87ae573ab
sections/testimonial.liquid:
  development: 2017-05-21T01:59:35-04:00   e067a8d79fa15c6e76405fc96a667799
sections/video.liquid:
  development: 2017-05-21T01:59:35-04:00   81d875a091a58b82689ad76dfe201154
snippets/blog-sidebar.liquid:
  development: 2017-05-21T01:59:39-04:00   57c78df3a6d8a35f9e4d82c61976444e
snippets/cart-shipping-calculator.liquid:
  development: 2017-05-21T01:59:39-04:00   8eaa75f678e79d234d22ab6a7ebd1a31
snippets/collection-loop.liquid:
  development: 2017-05-21T01:59:39-04:00   bcc5540b65b33bf33479d5ebbd504c48
snippets/collection-swatch.liquid:
  development: 2017-05-21T01:59:39-04:00   9fe9cc121b0711536ffd328b5c6338ef
snippets/currencies-switcher.liquid:
  development: 2017-05-21T01:59:39-04:00   ead1ad878b44b16b90a11ac06ec1b7bf
snippets/currencies.liquid:
  development: 2017-05-21T01:59:39-04:00   1f4ec6ced750bf8b1a8531e559d7aab4
snippets/newsletter-popup.liquid:
  development: 2017-05-21T01:59:39-04:00   a78dab1700b9488faf38fbbe95dc433d
snippets/newsletter.liquid:
  development: 2017-05-21T01:59:39-04:00   f593c7a131a1b02ab06e9874386b89cc
snippets/page-multi-column.liquid:
  development: 2017-05-21T01:59:39-04:00   38d2921aab7365802beefae5b9e526d6
snippets/pagination.liquid:
  development: 2017-05-21T01:59:39-04:00   75826d27e3a4aff9ef8ebe3570d7c882
snippets/product-form.liquid:
  development: 2017-05-21T01:59:39-04:00   bc2c1e543f0c5326e2721498aa844e0e
snippets/product-images.liquid:
  development: 2017-05-21T01:59:39-04:00   cf23ad6d9926c2ef2bebe6e54c0c352b
snippets/product-loop.liquid:
  development: 2017-05-21T01:59:39-04:00   19c96b96f09b576a0be18064f794515e
snippets/product-notify-me.liquid:
  development: 2017-05-21T01:59:39-04:00   852fa67b1f1647db4d4e8b5f6b63a317
snippets/product-swatch.liquid:
  development: 2017-05-21T01:59:39-04:00   68063940327928dfe3d97a48c333e8c0
snippets/product-thumbnail.liquid:
  development: 2017-05-21T01:59:39-04:00   2da5dc2ac7fd65e6593a3b873875edf2
snippets/sidebar.liquid:
  development: 2017-05-21T01:59:39-04:00   00cc8007781030d615047d3a235c9278
snippets/size-chart-popup.liquid:
  development: 2017-05-21T01:59:39-04:00   dade9d2f073664ceaac379f0ad06d785
snippets/social-buttons.liquid:
  development: 2017-05-21T01:59:40-04:00   b34cbe4b97e6405334cb5b9fbae6e13c
snippets/social-icons.liquid:
  development: 2017-05-21T01:59:40-04:00   b8445c5a93125361d301010e887866b2
snippets/social-meta-info.liquid:
  development: 2017-05-21T01:59:40-04:00   a8a4e163daa4a76681fa034bd38e70db
snippets/sweettooth-initializer.liquid:
  development: 2017-09-22T21:52:02-04:00   3d60f5245d672922e7c261e3c31a1c14
snippets/sweettooth-tab-widget.liquid:
  development: 2017-09-22T21:52:03-04:00   c334e0ce32bf52df0ccdce3a9460e166
templates/404.liquid:
  development: 2017-05-21T01:59:40-04:00   1887e462b2c7d14ddaecef76eb4a1e38
templates/article.liquid:
  development: 2017-05-21T01:59:40-04:00   08563437ca9c95766c220339923d2899
templates/blog.liquid:
  development: 2017-05-21T01:59:40-04:00   bd179039c27ce5491916345176d4d173
templates/cart.liquid:
  development: 2017-05-21T01:59:40-04:00   c8fef44a3db43c4dbce3a32e0f40479c
templates/collection.banner.liquid:
  development: 2017-05-21T01:59:40-04:00   a86c92e0d643d336ad54f562226e1765
templates/collection.liquid:
  development: 2017-05-21T01:59:40-04:00   f1cfa9fa0a88084d19c50ea943759817
templates/collection.sub-collections.liquid:
  development: 2017-05-21T01:59:40-04:00   6ae907541c52149bcff68d11b1a61e9c
templates/customers/account.liquid:
  development: 2017-05-21T01:59:40-04:00   6a94cb1ebb2c776d24a3f68d9b443b0e
templates/customers/activate_account.liquid:
  development: 2017-05-21T01:59:40-04:00   b02359b6abefa8f8a5ef0dd298e3df88
templates/customers/addresses.liquid:
  development: 2017-05-21T01:59:40-04:00   0d94a166dbe91391066658b6540b97cd
templates/customers/login.liquid:
  development: 2017-05-21T01:59:40-04:00   d4829305fa7005a57170aae59a902833
templates/customers/order.liquid:
  development: 2017-05-21T01:59:40-04:00   654802b4cd47fcbc94fe4c27621089c8
templates/customers/register.liquid:
  development: 2017-05-21T01:59:40-04:00   5dbc1c600cd2bd11513387731ab5c8f6
templates/customers/reset_password.liquid:
  development: 2017-05-21T01:59:40-04:00   b3d4d7f47351db4427072c6a723f2722
templates/gift_card.liquid:
  development: 2017-05-21T01:59:40-04:00   249b4de61abd8a3521d6c1cafc8b7d56
templates/index.liquid:
  development: 2017-05-21T01:59:40-04:00   b8d14eaec5c6ab67f8d8fa95a83124f0
templates/list-collections.liquid:
  development: 2017-05-21T01:59:40-04:00   6c951a94c4d7b8b9e36c0e655df45ed5
templates/page.contact.liquid:
  development: 2017-05-21T01:59:40-04:00   0d0d60a8f9f8ea9bfd213d74b668f297
templates/page.gallery.liquid:
  development: 2017-05-21T01:59:40-04:00   e5a8157248b4895ff2d4d78cfc0d3987
templates/page.liquid:
  development: 2017-05-21T01:59:40-04:00   af3bf12da3095e1ab93a5b8838671351
templates/page.multi-column.liquid:
  development: 2017-05-21T01:59:40-04:00   af3bf12da3095e1ab93a5b8838671351
templates/page.narrow.liquid:
  development: 2017-05-21T01:59:40-04:00   2153bf90802dee0991fc1e098903049a
templates/page.sidebar.liquid:
  development: 2017-05-21T01:59:40-04:00   a6e66bf06484751c1d9abfdd3dd1a775
templates/page.wide.liquid:
  development: 2017-05-21T01:59:40-04:00   afcb6ffbed961c766cd2c92ba9bd16dd
templates/password.liquid:
  development: 2017-05-21T01:59:40-04:00   aa74ef8b6965520410d34f17bc931a14
templates/product.description-bottom.liquid:
  development: 2017-05-21T01:59:40-04:00   957548f7d7a0ac12a2fba059d89ba6cc
templates/product.details.liquid:
  development: 2017-05-21T01:59:40-04:00   a0ce8c619b7804015ddf7d062b6ab8a2
templates/product.liquid:
  development: 2017-05-21T01:59:40-04:00   8dc0a5ff5551ec620d64c92ba21689d8
templates/search.liquid:
  development: 2017-05-21T01:59:40-04:00   d8bfdd344b4a35a7ba9c6efc1c870203
